
Microsoft Visual Studio Solution File, Format Version 12.00
# Visual Studio 15
VisualStudioVersion = 15.0.28010.2050
MinimumVisualStudioVersion = 10.0.40219.1
Project("{FAE04EC0-301F-11D3-BF4B-00C04F79EFBC}") = "HW11", "HW11\HW11.csproj", "{12CCFAB5-E295-4764-BF9A-3D7F0669949F}"
EndProject
Project("{9A19103F-16F7-4668-BE54-9A1E7A4F7556}") = "SharedLogic", "SharedLogic\SharedLogic.csproj", "{DD39BF0D-CA7B-4D13-877F-9408A121093C}"
EndProject
Project("{9A19103F-16F7-4668-BE54-9A1E7A4F7556}") = "OouiHW11", "OouiHW11\OouiHW11.csproj", "{A4A790E2-D79A-4A58-8A87-8D41CFB4CFA9}"
EndProject
Project("{9A19103F-16F7-4668-BE54-9A1E7A4F7556}") = "HW11.Avalonia", "HW11.Avalonia\HW11.Avalonia.csproj", "{50149C06-2BE5-4163-8833-EEF5920EB8A6}"
EndProject
Project("{9A19103F-16F7-4668-BE54-9A1E7A4F7556}") = "HW11DatabaseTemp", "HW11Database\HW11DatabaseTemp.csproj", "{8479B252-8DF7-4843-9FE7-037722CA8413}"
EndProject
Project("{FAE04EC0-301F-11D3-BF4B-00C04F79EFBC}") = "HW11Types", "HW11Types\HW11Types.csproj", "{906137E4-05C6-4434-BDFC-B0D5EA48CDCA}"
EndProject
Project("{FAE04EC0-301F-11D3-BF4B-00C04F79EFBC}") = "HW11Database", "RealDatabase\HW11Database.csproj", "{2E69ADE3-F09A-4F02-991A-35FFE2FB7DEA}"
EndProject
Global
	GlobalSection(SolutionConfigurationPlatforms) = preSolution
		Ad-Hoc|Any CPU = Ad-Hoc|Any CPU
		Ad-Hoc|iPhone = Ad-Hoc|iPhone
		Ad-Hoc|iPhoneSimulator = Ad-Hoc|iPhoneSimulator
		AppStore|Any CPU = AppStore|Any CPU
		AppStore|iPhone = AppStore|iPhone
		AppStore|iPhoneSimulator = AppStore|iPhoneSimulator
		Debug|Any CPU = Debug|Any CPU
		Debug|iPhone = Debug|iPhone
		Debug|iPhoneSimulator = Debug|iPhoneSimulator
		Release|Any CPU = Release|Any CPU
		Release|iPhone = Release|iPhone
		Release|iPhoneSimulator = Release|iPhoneSimulator
	EndGlobalSection
	GlobalSection(ProjectConfigurationPlatforms) = postSolution
		{12CCFAB5-E295-4764-BF9A-3D7F0669949F}.Ad-Hoc|Any CPU.ActiveCfg = Release|Any CPU
		{12CCFAB5-E295-4764-BF9A-3D7F0669949F}.Ad-Hoc|Any CPU.Build.0 = Release|Any CPU
		{12CCFAB5-E295-4764-BF9A-3D7F0669949F}.Ad-Hoc|iPhone.ActiveCfg = Release|Any CPU
		{12CCFAB5-E295-4764-BF9A-3D7F0669949F}.Ad-Hoc|iPhone.Build.0 = Release|Any CPU
		{12CCFAB5-E295-4764-BF9A-3D7F0669949F}.Ad-Hoc|iPhoneSimulator.ActiveCfg = Release|Any CPU
		{12CCFAB5-E295-4764-BF9A-3D7F0669949F}.Ad-Hoc|iPhoneSimulator.Build.0 = Release|Any CPU
		{12CCFAB5-E295-4764-BF9A-3D7F0669949F}.AppStore|Any CPU.ActiveCfg = Release|Any CPU
		{12CCFAB5-E295-4764-BF9A-3D7F0669949F}.AppStore|Any CPU.Build.0 = Release|Any CPU
		{12CCFAB5-E295-4764-BF9A-3D7F0669949F}.AppStore|iPhone.ActiveCfg = Release|Any CPU
		{12CCFAB5-E295-4764-BF9A-3D7F0669949F}.AppStore|iPhone.Build.0 = Release|Any CPU
		{12CCFAB5-E295-4764-BF9A-3D7F0669949F}.AppStore|iPhoneSimulator.ActiveCfg = Release|Any CPU
		{12CCFAB5-E295-4764-BF9A-3D7F0669949F}.AppStore|iPhoneSimulator.Build.0 = Release|Any CPU
		{12CCFAB5-E295-4764-BF9A-3D7F0669949F}.Debug|Any CPU.ActiveCfg = Debug|Any CPU
		{12CCFAB5-E295-4764-BF9A-3D7F0669949F}.Debug|Any CPU.Build.0 = Debug|Any CPU
		{12CCFAB5-E295-4764-BF9A-3D7F0669949F}.Debug|iPhone.ActiveCfg = Debug|Any CPU
		{12CCFAB5-E295-4764-BF9A-3D7F0669949F}.Debug|iPhone.Build.0 = Debug|Any CPU
		{12CCFAB5-E295-4764-BF9A-3D7F0669949F}.Debug|iPhoneSimulator.ActiveCfg = Debug|Any CPU
		{12CCFAB5-E295-4764-BF9A-3D7F0669949F}.Debug|iPhoneSimulator.Build.0 = Debug|Any CPU
		{12CCFAB5-E295-4764-BF9A-3D7F0669949F}.Release|Any CPU.ActiveCfg = Release|Any CPU
		{12CCFAB5-E295-4764-BF9A-3D7F0669949F}.Release|Any CPU.Build.0 = Release|Any CPU
		{12CCFAB5-E295-4764-BF9A-3D7F0669949F}.Release|iPhone.ActiveCfg = Release|Any CPU
		{12CCFAB5-E295-4764-BF9A-3D7F0669949F}.Release|iPhone.Build.0 = Release|Any CPU
		{12CCFAB5-E295-4764-BF9A-3D7F0669949F}.Release|iPhoneSimulator.ActiveCfg = Release|Any CPU
		{12CCFAB5-E295-4764-BF9A-3D7F0669949F}.Release|iPhoneSimulator.Build.0 = Release|Any CPU
		{DD39BF0D-CA7B-4D13-877F-9408A121093C}.Ad-Hoc|Any CPU.ActiveCfg = Release|Any CPU
		{DD39BF0D-CA7B-4D13-877F-9408A121093C}.Ad-Hoc|Any CPU.Build.0 = Release|Any CPU
		{DD39BF0D-CA7B-4D13-877F-9408A121093C}.Ad-Hoc|iPhone.ActiveCfg = Release|Any CPU
		{DD39BF0D-CA7B-4D13-877F-9408A121093C}.Ad-Hoc|iPhone.Build.0 = Release|Any CPU
		{DD39BF0D-CA7B-4D13-877F-9408A121093C}.Ad-Hoc|iPhoneSimulator.ActiveCfg = Release|Any CPU
		{DD39BF0D-CA7B-4D13-877F-9408A121093C}.Ad-Hoc|iPhoneSimulator.Build.0 = Release|Any CPU
		{DD39BF0D-CA7B-4D13-877F-9408A121093C}.AppStore|Any CPU.ActiveCfg = Release|Any CPU
		{DD39BF0D-CA7B-4D13-877F-9408A121093C}.AppStore|Any CPU.Build.0 = Release|Any CPU
		{DD39BF0D-CA7B-4D13-877F-9408A121093C}.AppStore|iPhone.ActiveCfg = Release|Any CPU
		{DD39BF0D-CA7B-4D13-877F-9408A121093C}.AppStore|iPhone.Build.0 = Release|Any CPU
		{DD39BF0D-CA7B-4D13-877F-9408A121093C}.AppStore|iPhoneSimulator.ActiveCfg = Release|Any CPU
		{DD39BF0D-CA7B-4D13-877F-9408A121093C}.AppStore|iPhoneSimulator.Build.0 = Release|Any CPU
		{DD39BF0D-CA7B-4D13-877F-9408A121093C}.Debug|Any CPU.ActiveCfg = Debug|Any CPU
		{DD39BF0D-CA7B-4D13-877F-9408A121093C}.Debug|Any CPU.Build.0 = Debug|Any CPU
		{DD39BF0D-CA7B-4D13-877F-9408A121093C}.Debug|iPhone.ActiveCfg = Debug|Any CPU
		{DD39BF0D-CA7B-4D13-877F-9408A121093C}.Debug|iPhone.Build.0 = Debug|Any CPU
		{DD39BF0D-CA7B-4D13-877F-9408A121093C}.Debug|iPhoneSimulator.ActiveCfg = Debug|Any CPU
		{DD39BF0D-CA7B-4D13-877F-9408A121093C}.Debug|iPhoneSimulator.Build.0 = Debug|Any CPU
		{DD39BF0D-CA7B-4D13-877F-9408A121093C}.Release|Any CPU.ActiveCfg = Release|Any CPU
		{DD39BF0D-CA7B-4D13-877F-9408A121093C}.Release|Any CPU.Build.0 = Release|Any CPU
		{DD39BF0D-CA7B-4D13-877F-9408A121093C}.Release|iPhone.ActiveCfg = Release|Any CPU
		{DD39BF0D-CA7B-4D13-877F-9408A121093C}.Release|iPhone.Build.0 = Release|Any CPU
		{DD39BF0D-CA7B-4D13-877F-9408A121093C}.Release|iPhoneSimulator.ActiveCfg = Release|Any CPU
		{DD39BF0D-CA7B-4D13-877F-9408A121093C}.Release|iPhoneSimulator.Build.0 = Release|Any CPU
		{A4A790E2-D79A-4A58-8A87-8D41CFB4CFA9}.Ad-Hoc|Any CPU.ActiveCfg = Release|Any CPU
		{A4A790E2-D79A-4A58-8A87-8D41CFB4CFA9}.Ad-Hoc|Any CPU.Build.0 = Release|Any CPU
		{A4A790E2-D79A-4A58-8A87-8D41CFB4CFA9}.Ad-Hoc|iPhone.ActiveCfg = Release|Any CPU
		{A4A790E2-D79A-4A58-8A87-8D41CFB4CFA9}.Ad-Hoc|iPhone.Build.0 = Release|Any CPU
		{A4A790E2-D79A-4A58-8A87-8D41CFB4CFA9}.Ad-Hoc|iPhoneSimulator.ActiveCfg = Release|Any CPU
		{A4A790E2-D79A-4A58-8A87-8D41CFB4CFA9}.Ad-Hoc|iPhoneSimulator.Build.0 = Release|Any CPU
		{A4A790E2-D79A-4A58-8A87-8D41CFB4CFA9}.AppStore|Any CPU.ActiveCfg = Release|Any CPU
		{A4A790E2-D79A-4A58-8A87-8D41CFB4CFA9}.AppStore|Any CPU.Build.0 = Release|Any CPU
		{A4A790E2-D79A-4A58-8A87-8D41CFB4CFA9}.AppStore|iPhone.ActiveCfg = Release|Any CPU
		{A4A790E2-D79A-4A58-8A87-8D41CFB4CFA9}.AppStore|iPhone.Build.0 = Release|Any CPU
		{A4A790E2-D79A-4A58-8A87-8D41CFB4CFA9}.AppStore|iPhoneSimulator.ActiveCfg = Release|Any CPU
		{A4A790E2-D79A-4A58-8A87-8D41CFB4CFA9}.AppStore|iPhoneSimulator.Build.0 = Release|Any CPU
		{A4A790E2-D79A-4A58-8A87-8D41CFB4CFA9}.Debug|Any CPU.ActiveCfg = Debug|Any CPU
		{A4A790E2-D79A-4A58-8A87-8D41CFB4CFA9}.Debug|Any CPU.Build.0 = Debug|Any CPU
		{A4A790E2-D79A-4A58-8A87-8D41CFB4CFA9}.Debug|iPhone.ActiveCfg = Debug|Any CPU
		{A4A790E2-D79A-4A58-8A87-8D41CFB4CFA9}.Debug|iPhone.Build.0 = Debug|Any CPU
		{A4A790E2-D79A-4A58-8A87-8D41CFB4CFA9}.Debug|iPhoneSimulator.ActiveCfg = Debug|Any CPU
		{A4A790E2-D79A-4A58-8A87-8D41CFB4CFA9}.Debug|iPhoneSimulator.Build.0 = Debug|Any CPU
		{A4A790E2-D79A-4A58-8A87-8D41CFB4CFA9}.Release|Any CPU.ActiveCfg = Release|Any CPU
		{A4A790E2-D79A-4A58-8A87-8D41CFB4CFA9}.Release|Any CPU.Build.0 = Release|Any CPU
		{A4A790E2-D79A-4A58-8A87-8D41CFB4CFA9}.Release|iPhone.ActiveCfg = Release|Any CPU
		{A4A790E2-D79A-4A58-8A87-8D41CFB4CFA9}.Release|iPhone.Build.0 = Release|Any CPU
		{A4A790E2-D79A-4A58-8A87-8D41CFB4CFA9}.Release|iPhoneSimulator.ActiveCfg = Release|Any CPU
		{A4A790E2-D79A-4A58-8A87-8D41CFB4CFA9}.Release|iPhoneSimulator.Build.0 = Release|Any CPU
		{50149C06-2BE5-4163-8833-EEF5920EB8A6}.Ad-Hoc|Any CPU.ActiveCfg = Debug|Any CPU
		{50149C06-2BE5-4163-8833-EEF5920EB8A6}.Ad-Hoc|Any CPU.Build.0 = Debug|Any CPU
		{50149C06-2BE5-4163-8833-EEF5920EB8A6}.Ad-Hoc|iPhone.ActiveCfg = Debug|Any CPU
		{50149C06-2BE5-4163-8833-EEF5920EB8A6}.Ad-Hoc|iPhone.Build.0 = Debug|Any CPU
		{50149C06-2BE5-4163-8833-EEF5920EB8A6}.Ad-Hoc|iPhoneSimulator.ActiveCfg = Debug|Any CPU
		{50149C06-2BE5-4163-8833-EEF5920EB8A6}.Ad-Hoc|iPhoneSimulator.Build.0 = Debug|Any CPU
		{50149C06-2BE5-4163-8833-EEF5920EB8A6}.AppStore|Any CPU.ActiveCfg = Debug|Any CPU
		{50149C06-2BE5-4163-8833-EEF5920EB8A6}.AppStore|Any CPU.Build.0 = Debug|Any CPU
		{50149C06-2BE5-4163-8833-EEF5920EB8A6}.AppStore|iPhone.ActiveCfg = Debug|Any CPU
		{50149C06-2BE5-4163-8833-EEF5920EB8A6}.AppStore|iPhone.Build.0 = Debug|Any CPU
		{50149C06-2BE5-4163-8833-EEF5920EB8A6}.AppStore|iPhoneSimulator.ActiveCfg = Debug|Any CPU
		{50149C06-2BE5-4163-8833-EEF5920EB8A6}.AppStore|iPhoneSimulator.Build.0 = Debug|Any CPU
		{50149C06-2BE5-4163-8833-EEF5920EB8A6}.Debug|Any CPU.ActiveCfg = Debug|Any CPU
		{50149C06-2BE5-4163-8833-EEF5920EB8A6}.Debug|Any CPU.Build.0 = Debug|Any CPU
		{50149C06-2BE5-4163-8833-EEF5920EB8A6}.Debug|iPhone.ActiveCfg = Debug|Any CPU
		{50149C06-2BE5-4163-8833-EEF5920EB8A6}.Debug|iPhone.Build.0 = Debug|Any CPU
		{50149C06-2BE5-4163-8833-EEF5920EB8A6}.Debug|iPhoneSimulator.ActiveCfg = Debug|Any CPU
		{50149C06-2BE5-4163-8833-EEF5920EB8A6}.Debug|iPhoneSimulator.Build.0 = Debug|Any CPU
		{50149C06-2BE5-4163-8833-EEF5920EB8A6}.Release|Any CPU.ActiveCfg = Release|Any CPU
		{50149C06-2BE5-4163-8833-EEF5920EB8A6}.Release|Any CPU.Build.0 = Release|Any CPU
		{50149C06-2BE5-4163-8833-EEF5920EB8A6}.Release|iPhone.ActiveCfg = Release|Any CPU
		{50149C06-2BE5-4163-8833-EEF5920EB8A6}.Release|iPhone.Build.0 = Release|Any CPU
		{50149C06-2BE5-4163-8833-EEF5920EB8A6}.Release|iPhoneSimulator.ActiveCfg = Release|Any CPU
		{50149C06-2BE5-4163-8833-EEF5920EB8A6}.Release|iPhoneSimulator.Build.0 = Release|Any CPU
		{8479B252-8DF7-4843-9FE7-037722CA8413}.Ad-Hoc|Any CPU.ActiveCfg = Debug|Any CPU
		{8479B252-8DF7-4843-9FE7-037722CA8413}.Ad-Hoc|Any CPU.Build.0 = Debug|Any CPU
		{8479B252-8DF7-4843-9FE7-037722CA8413}.Ad-Hoc|iPhone.ActiveCfg = Debug|Any CPU
		{8479B252-8DF7-4843-9FE7-037722CA8413}.Ad-Hoc|iPhone.Build.0 = Debug|Any CPU
		{8479B252-8DF7-4843-9FE7-037722CA8413}.Ad-Hoc|iPhoneSimulator.ActiveCfg = Debug|Any CPU
		{8479B252-8DF7-4843-9FE7-037722CA8413}.Ad-Hoc|iPhoneSimulator.Build.0 = Debug|Any CPU
		{8479B252-8DF7-4843-9FE7-037722CA8413}.AppStore|Any CPU.ActiveCfg = Debug|Any CPU
		{8479B252-8DF7-4843-9FE7-037722CA8413}.AppStore|Any CPU.Build.0 = Debug|Any CPU
		{8479B252-8DF7-4843-9FE7-037722CA8413}.AppStore|iPhone.ActiveCfg = Debug|Any CPU
		{8479B252-8DF7-4843-9FE7-037722CA8413}.AppStore|iPhone.Build.0 = Debug|Any CPU
		{8479B252-8DF7-4843-9FE7-037722CA8413}.AppStore|iPhoneSimulator.ActiveCfg = Debug|Any CPU
		{8479B252-8DF7-4843-9FE7-037722CA8413}.AppStore|iPhoneSimulator.Build.0 = Debug|Any CPU
		{8479B252-8DF7-4843-9FE7-037722CA8413}.Debug|Any CPU.ActiveCfg = Debug|Any CPU
		{8479B252-8DF7-4843-9FE7-037722CA8413}.Debug|Any CPU.Build.0 = Debug|Any CPU
		{8479B252-8DF7-4843-9FE7-037722CA8413}.Debug|iPhone.ActiveCfg = Debug|Any CPU
		{8479B252-8DF7-4843-9FE7-037722CA8413}.Debug|iPhone.Build.0 = Debug|Any CPU
		{8479B252-8DF7-4843-9FE7-037722CA8413}.Debug|iPhoneSimulator.ActiveCfg = Debug|Any CPU
		{8479B252-8DF7-4843-9FE7-037722CA8413}.Debug|iPhoneSimulator.Build.0 = Debug|Any CPU
		{8479B252-8DF7-4843-9FE7-037722CA8413}.Release|Any CPU.ActiveCfg = Release|Any CPU
		{8479B252-8DF7-4843-9FE7-037722CA8413}.Release|Any CPU.Build.0 = Release|Any CPU
		{8479B252-8DF7-4843-9FE7-037722CA8413}.Release|iPhone.ActiveCfg = Release|Any CPU
		{8479B252-8DF7-4843-9FE7-037722CA8413}.Release|iPhone.Build.0 = Release|Any CPU
		{8479B252-8DF7-4843-9FE7-037722CA8413}.Release|iPhoneSimulator.ActiveCfg = Release|Any CPU
		{8479B252-8DF7-4843-9FE7-037722CA8413}.Release|iPhoneSimulator.Build.0 = Release|Any CPU
		{906137E4-05C6-4434-BDFC-B0D5EA48CDCA}.Ad-Hoc|Any CPU.ActiveCfg = Debug|Any CPU
		{906137E4-05C6-4434-BDFC-B0D5EA48CDCA}.Ad-Hoc|Any CPU.Build.0 = Debug|Any CPU
		{906137E4-05C6-4434-BDFC-B0D5EA48CDCA}.Ad-Hoc|iPhone.ActiveCfg = Debug|Any CPU
		{906137E4-05C6-4434-BDFC-B0D5EA48CDCA}.Ad-Hoc|iPhone.Build.0 = Debug|Any CPU
		{906137E4-05C6-4434-BDFC-B0D5EA48CDCA}.Ad-Hoc|iPhoneSimulator.ActiveCfg = Debug|Any CPU
		{906137E4-05C6-4434-BDFC-B0D5EA48CDCA}.Ad-Hoc|iPhoneSimulator.Build.0 = Debug|Any CPU
		{906137E4-05C6-4434-BDFC-B0D5EA48CDCA}.AppStore|Any CPU.ActiveCfg = Debug|Any CPU
		{906137E4-05C6-4434-BDFC-B0D5EA48CDCA}.AppStore|Any CPU.Build.0 = Debug|Any CPU
		{906137E4-05C6-4434-BDFC-B0D5EA48CDCA}.AppStore|iPhone.ActiveCfg = Debug|Any CPU
		{906137E4-05C6-4434-BDFC-B0D5EA48CDCA}.AppStore|iPhone.Build.0 = Debug|Any CPU
		{906137E4-05C6-4434-BDFC-B0D5EA48CDCA}.AppStore|iPhoneSimulator.ActiveCfg = Debug|Any CPU
		{906137E4-05C6-4434-BDFC-B0D5EA48CDCA}.AppStore|iPhoneSimulator.Build.0 = Debug|Any CPU
		{906137E4-05C6-4434-BDFC-B0D5EA48CDCA}.Debug|Any CPU.ActiveCfg = Debug|Any CPU
		{906137E4-05C6-4434-BDFC-B0D5EA48CDCA}.Debug|Any CPU.Build.0 = Debug|Any CPU
		{906137E4-05C6-4434-BDFC-B0D5EA48CDCA}.Debug|iPhone.ActiveCfg = Debug|Any CPU
		{906137E4-05C6-4434-BDFC-B0D5EA48CDCA}.Debug|iPhone.Build.0 = Debug|Any CPU
		{906137E4-05C6-4434-BDFC-B0D5EA48CDCA}.Debug|iPhoneSimulator.ActiveCfg = Debug|Any CPU
		{906137E4-05C6-4434-BDFC-B0D5EA48CDCA}.Debug|iPhoneSimulator.Build.0 = Debug|Any CPU
		{906137E4-05C6-4434-BDFC-B0D5EA48CDCA}.Release|Any CPU.ActiveCfg = Release|Any CPU
		{906137E4-05C6-4434-BDFC-B0D5EA48CDCA}.Release|Any CPU.Build.0 = Release|Any CPU
		{906137E4-05C6-4434-BDFC-B0D5EA48CDCA}.Release|iPhone.ActiveCfg = Release|Any CPU
		{906137E4-05C6-4434-BDFC-B0D5EA48CDCA}.Release|iPhone.Build.0 = Release|Any CPU
		{906137E4-05C6-4434-BDFC-B0D5EA48CDCA}.Release|iPhoneSimulator.ActiveCfg = Release|Any CPU
		{906137E4-05C6-4434-BDFC-B0D5EA48CDCA}.Release|iPhoneSimulator.Build.0 = Release|Any CPU
		{2E69ADE3-F09A-4F02-991A-35FFE2FB7DEA}.Ad-Hoc|Any CPU.ActiveCfg = Debug|Any CPU
		{2E69ADE3-F09A-4F02-991A-35FFE2FB7DEA}.Ad-Hoc|Any CPU.Build.0 = Debug|Any CPU
		{2E69ADE3-F09A-4F02-991A-35FFE2FB7DEA}.Ad-Hoc|iPhone.ActiveCfg = Debug|Any CPU
		{2E69ADE3-F09A-4F02-991A-35FFE2FB7DEA}.Ad-Hoc|iPhone.Build.0 = Debug|Any CPU
		{2E69ADE3-F09A-4F02-991A-35FFE2FB7DEA}.Ad-Hoc|iPhoneSimulator.ActiveCfg = Debug|Any CPU
		{2E69ADE3-F09A-4F02-991A-35FFE2FB7DEA}.Ad-Hoc|iPhoneSimulator.Build.0 = Debug|Any CPU
		{2E69ADE3-F09A-4F02-991A-35FFE2FB7DEA}.AppStore|Any CPU.ActiveCfg = Debug|Any CPU
		{2E69ADE3-F09A-4F02-991A-35FFE2FB7DEA}.AppStore|Any CPU.Build.0 = Debug|Any CPU
		{2E69ADE3-F09A-4F02-991A-35FFE2FB7DEA}.AppStore|iPhone.ActiveCfg = Debug|Any CPU
		{2E69ADE3-F09A-4F02-991A-35FFE2FB7DEA}.AppStore|iPhone.Build.0 = Debug|Any CPU
		{2E69ADE3-F09A-4F02-991A-35FFE2FB7DEA}.AppStore|iPhoneSimulator.ActiveCfg = Debug|Any CPU
		{2E69ADE3-F09A-4F02-991A-35FFE2FB7DEA}.AppStore|iPhoneSimulator.Build.0 = Debug|Any CPU
		{2E69ADE3-F09A-4F02-991A-35FFE2FB7DEA}.Debug|Any CPU.ActiveCfg = Debug|Any CPU
		{2E69ADE3-F09A-4F02-991A-35FFE2FB7DEA}.Debug|Any CPU.Build.0 = Debug|Any CPU
		{2E69ADE3-F09A-4F02-991A-35FFE2FB7DEA}.Debug|iPhone.ActiveCfg = Debug|Any CPU
		{2E69ADE3-F09A-4F02-991A-35FFE2FB7DEA}.Debug|iPhone.Build.0 = Debug|Any CPU
		{2E69ADE3-F09A-4F02-991A-35FFE2FB7DEA}.Debug|iPhoneSimulator.ActiveCfg = Debug|Any CPU
		{2E69ADE3-F09A-4F02-991A-35FFE2FB7DEA}.Debug|iPhoneSimulator.Build.0 = Debug|Any CPU
		{2E69ADE3-F09A-4F02-991A-35FFE2FB7DEA}.Release|Any CPU.ActiveCfg = Release|Any CPU
		{2E69ADE3-F09A-4F02-991A-35FFE2FB7DEA}.Release|Any CPU.Build.0 = Release|Any CPU
		{2E69ADE3-F09A-4F02-991A-35FFE2FB7DEA}.Release|iPhone.ActiveCfg = Release|Any CPU
		{2E69ADE3-F09A-4F02-991A-35FFE2FB7DEA}.Release|iPhone.Build.0 = Release|Any CPU
		{2E69ADE3-F09A-4F02-991A-35FFE2FB7DEA}.Release|iPhoneSimulator.ActiveCfg = Release|Any CPU
		{2E69ADE3-F09A-4F02-991A-35FFE2FB7DEA}.Release|iPhoneSimulator.Build.0 = Release|Any CPU
	EndGlobalSection
	GlobalSection(SolutionProperties) = preSolution
		HideSolutionNode = FALSE
	EndGlobalSection
	GlobalSection(ExtensibilityGlobals) = postSolution
		SolutionGuid = {147CE53A-5AB4-41CB-BC38-C3B33E39E575}
	EndGlobalSection
EndGlobal
