
Microsoft Visual Studio Solution File, Format Version 12.00
# Visual Studio 15
VisualStudioVersion = 15.0.28010.2050
MinimumVisualStudioVersion = 10.0.40219.1
Project("{FAE04EC0-301F-11D3-BF4B-00C04F79EFBC}") = "HW11", "HW11\HW11.csproj", "{12CCFAB5-E295-4764-BF9A-3D7F0669949F}"
EndProject
Project("{FAE04EC0-301F-11D3-BF4B-00C04F79EFBC}") = "SharedLogic", "SharedLogic\SharedLogic.csproj", "{DD39BF0D-CA7B-4D13-877F-9408A121093C}"
EndProject
Project("{FAE04EC0-301F-11D3-BF4B-00C04F79EFBC}") = "OouiHW11", "OouiHW11\OouiHW11.csproj", "{A4A790E2-D79A-4A58-8A87-8D41CFB4CFA9}"
EndProject
Global
	GlobalSection(SolutionConfigurationPlatforms) = preSolution
		Debug|Any CPU = Debug|Any CPU
		Release|Any CPU = Release|Any CPU
	EndGlobalSection
	GlobalSection(ProjectConfigurationPlatforms) = postSolution
		{12CCFAB5-E295-4764-BF9A-3D7F0669949F}.Debug|Any CPU.ActiveCfg = Debug|Any CPU
		{12CCFAB5-E295-4764-BF9A-3D7F0669949F}.Debug|Any CPU.Build.0 = Debug|Any CPU
		{12CCFAB5-E295-4764-BF9A-3D7F0669949F}.Release|Any CPU.ActiveCfg = Release|Any CPU
		{12CCFAB5-E295-4764-BF9A-3D7F0669949F}.Release|Any CPU.Build.0 = Release|Any CPU
		{DD39BF0D-CA7B-4D13-877F-9408A121093C}.Debug|Any CPU.ActiveCfg = Debug|Any CPU
		{DD39BF0D-CA7B-4D13-877F-9408A121093C}.Debug|Any CPU.Build.0 = Debug|Any CPU
		{DD39BF0D-CA7B-4D13-877F-9408A121093C}.Release|Any CPU.ActiveCfg = Release|Any CPU
		{DD39BF0D-CA7B-4D13-877F-9408A121093C}.Release|Any CPU.Build.0 = Release|Any CPU
		{A4A790E2-D79A-4A58-8A87-8D41CFB4CFA9}.Debug|Any CPU.ActiveCfg = Debug|Any CPU
		{A4A790E2-D79A-4A58-8A87-8D41CFB4CFA9}.Debug|Any CPU.Build.0 = Debug|Any CPU
		{A4A790E2-D79A-4A58-8A87-8D41CFB4CFA9}.Release|Any CPU.ActiveCfg = Release|Any CPU
		{A4A790E2-D79A-4A58-8A87-8D41CFB4CFA9}.Release|Any CPU.Build.0 = Release|Any CPU
	EndGlobalSection
	GlobalSection(SolutionProperties) = preSolution
		HideSolutionNode = FALSE
	EndGlobalSection
	GlobalSection(ExtensibilityGlobals) = postSolution
		SolutionGuid = {147CE53A-5AB4-41CB-BC38-C3B33E39E575}
	EndGlobalSection
EndGlobal
