
Microsoft Visual Studio Solution File, Format Version 12.00
# Visual Studio 15
VisualStudioVersion = 15.0.28010.2050
MinimumVisualStudioVersion = 10.0.40219.1
Project("{FAE04EC0-301F-11D3-BF4B-00C04F79EFBC}") = "HW11", "HW11\HW11.csproj", "{12CCFAB5-E295-4764-BF9A-3D7F0669949F}"
EndProject
Project("{9A19103F-16F7-4668-BE54-9A1E7A4F7556}") = "SharedLogic", "SharedLogic\SharedLogic.csproj", "{DD39BF0D-CA7B-4D13-877F-9408A121093C}"
EndProject
Project("{9A19103F-16F7-4668-BE54-9A1E7A4F7556}") = "OouiHW11", "OouiHW11\OouiHW11.csproj", "{A4A790E2-D79A-4A58-8A87-8D41CFB4CFA9}"
EndProject
Project("{9A19103F-16F7-4668-BE54-9A1E7A4F7556}") = "HW11.Avalonia", "HW11.Avalonia\HW11.Avalonia.csproj", "{50149C06-2BE5-4163-8833-EEF5920EB8A6}"
EndProject
Project("{9A19103F-16F7-4668-BE54-9A1E7A4F7556}") = "HW11Types", "HW11Types\HW11Types.csproj", "{906137E4-05C6-4434-BDFC-B0D5EA48CDCA}"
EndProject
Project("{9A19103F-16F7-4668-BE54-9A1E7A4F7556}") = "HW11Database", "RealDatabase\HW11Database.csproj", "{2E69ADE3-F09A-4F02-991A-35FFE2FB7DEA}"
EndProject
Project("{FAE04EC0-301F-11D3-BF4B-00C04F79EFBC}") = "HW11Xamarain.Android", "HW11Xamarain\HW11Xamarain.Android\HW11Xamarain.Android.csproj", "{E1D51BBD-4380-41AC-BB72-D004D3548C05}"
EndProject
Project("{FAE04EC0-301F-11D3-BF4B-00C04F79EFBC}") = "HW11Xamarain.iOS", "HW11Xamarain\HW11Xamarain.iOS\HW11Xamarain.iOS.csproj", "{C2597C79-CB51-4770-AB0B-2A044A129B60}"
EndProject
Project("{FAE04EC0-301F-11D3-BF4B-00C04F79EFBC}") = "HW11Xamarain.UWP", "HW11Xamarain\HW11Xamarain.UWP\HW11Xamarain.UWP.csproj", "{C11A343B-2550-4488-AFC0-0A5A4E0A73C8}"
EndProject
Project("{FAE04EC0-301F-11D3-BF4B-00C04F79EFBC}") = "HW11Xamarain", "HW11Xamarain\HW11Xamarain\HW11Xamarain.csproj", "{F38B5CC6-AEC9-44DD-8325-A16742391CF1}"
EndProject
Global
	GlobalSection(SolutionConfigurationPlatforms) = preSolution
		Ad-Hoc|Any CPU = Ad-Hoc|Any CPU
		Ad-Hoc|ARM = Ad-Hoc|ARM
		Ad-Hoc|iPhone = Ad-Hoc|iPhone
		Ad-Hoc|iPhoneSimulator = Ad-Hoc|iPhoneSimulator
		Ad-Hoc|x64 = Ad-Hoc|x64
		Ad-Hoc|x86 = Ad-Hoc|x86
		AppStore|Any CPU = AppStore|Any CPU
		AppStore|ARM = AppStore|ARM
		AppStore|iPhone = AppStore|iPhone
		AppStore|iPhoneSimulator = AppStore|iPhoneSimulator
		AppStore|x64 = AppStore|x64
		AppStore|x86 = AppStore|x86
		Debug|Any CPU = Debug|Any CPU
		Debug|ARM = Debug|ARM
		Debug|iPhone = Debug|iPhone
		Debug|iPhoneSimulator = Debug|iPhoneSimulator
		Debug|x64 = Debug|x64
		Debug|x86 = Debug|x86
		Release|Any CPU = Release|Any CPU
		Release|ARM = Release|ARM
		Release|iPhone = Release|iPhone
		Release|iPhoneSimulator = Release|iPhoneSimulator
		Release|x64 = Release|x64
		Release|x86 = Release|x86
	EndGlobalSection
	GlobalSection(ProjectConfigurationPlatforms) = postSolution
		{12CCFAB5-E295-4764-BF9A-3D7F0669949F}.Ad-Hoc|Any CPU.ActiveCfg = Release|Any CPU
		{12CCFAB5-E295-4764-BF9A-3D7F0669949F}.Ad-Hoc|Any CPU.Build.0 = Release|Any CPU
		{12CCFAB5-E295-4764-BF9A-3D7F0669949F}.Ad-Hoc|ARM.ActiveCfg = Debug|Any CPU
		{12CCFAB5-E295-4764-BF9A-3D7F0669949F}.Ad-Hoc|ARM.Build.0 = Debug|Any CPU
		{12CCFAB5-E295-4764-BF9A-3D7F0669949F}.Ad-Hoc|iPhone.ActiveCfg = Release|Any CPU
		{12CCFAB5-E295-4764-BF9A-3D7F0669949F}.Ad-Hoc|iPhone.Build.0 = Release|Any CPU
		{12CCFAB5-E295-4764-BF9A-3D7F0669949F}.Ad-Hoc|iPhoneSimulator.ActiveCfg = Release|Any CPU
		{12CCFAB5-E295-4764-BF9A-3D7F0669949F}.Ad-Hoc|iPhoneSimulator.Build.0 = Release|Any CPU
		{12CCFAB5-E295-4764-BF9A-3D7F0669949F}.Ad-Hoc|x64.ActiveCfg = Debug|Any CPU
		{12CCFAB5-E295-4764-BF9A-3D7F0669949F}.Ad-Hoc|x64.Build.0 = Debug|Any CPU
		{12CCFAB5-E295-4764-BF9A-3D7F0669949F}.Ad-Hoc|x86.ActiveCfg = Debug|Any CPU
		{12CCFAB5-E295-4764-BF9A-3D7F0669949F}.Ad-Hoc|x86.Build.0 = Debug|Any CPU
		{12CCFAB5-E295-4764-BF9A-3D7F0669949F}.AppStore|Any CPU.ActiveCfg = Release|Any CPU
		{12CCFAB5-E295-4764-BF9A-3D7F0669949F}.AppStore|Any CPU.Build.0 = Release|Any CPU
		{12CCFAB5-E295-4764-BF9A-3D7F0669949F}.AppStore|ARM.ActiveCfg = Debug|Any CPU
		{12CCFAB5-E295-4764-BF9A-3D7F0669949F}.AppStore|ARM.Build.0 = Debug|Any CPU
		{12CCFAB5-E295-4764-BF9A-3D7F0669949F}.AppStore|iPhone.ActiveCfg = Release|Any CPU
		{12CCFAB5-E295-4764-BF9A-3D7F0669949F}.AppStore|iPhone.Build.0 = Release|Any CPU
		{12CCFAB5-E295-4764-BF9A-3D7F0669949F}.AppStore|iPhoneSimulator.ActiveCfg = Release|Any CPU
		{12CCFAB5-E295-4764-BF9A-3D7F0669949F}.AppStore|iPhoneSimulator.Build.0 = Release|Any CPU
		{12CCFAB5-E295-4764-BF9A-3D7F0669949F}.AppStore|x64.ActiveCfg = Debug|Any CPU
		{12CCFAB5-E295-4764-BF9A-3D7F0669949F}.AppStore|x64.Build.0 = Debug|Any CPU
		{12CCFAB5-E295-4764-BF9A-3D7F0669949F}.AppStore|x86.ActiveCfg = Debug|Any CPU
		{12CCFAB5-E295-4764-BF9A-3D7F0669949F}.AppStore|x86.Build.0 = Debug|Any CPU
		{12CCFAB5-E295-4764-BF9A-3D7F0669949F}.Debug|Any CPU.ActiveCfg = Debug|Any CPU
		{12CCFAB5-E295-4764-BF9A-3D7F0669949F}.Debug|Any CPU.Build.0 = Debug|Any CPU
		{12CCFAB5-E295-4764-BF9A-3D7F0669949F}.Debug|ARM.ActiveCfg = Debug|Any CPU
		{12CCFAB5-E295-4764-BF9A-3D7F0669949F}.Debug|ARM.Build.0 = Debug|Any CPU
		{12CCFAB5-E295-4764-BF9A-3D7F0669949F}.Debug|iPhone.ActiveCfg = Debug|Any CPU
		{12CCFAB5-E295-4764-BF9A-3D7F0669949F}.Debug|iPhone.Build.0 = Debug|Any CPU
		{12CCFAB5-E295-4764-BF9A-3D7F0669949F}.Debug|iPhoneSimulator.ActiveCfg = Debug|Any CPU
		{12CCFAB5-E295-4764-BF9A-3D7F0669949F}.Debug|iPhoneSimulator.Build.0 = Debug|Any CPU
		{12CCFAB5-E295-4764-BF9A-3D7F0669949F}.Debug|x64.ActiveCfg = Debug|Any CPU
		{12CCFAB5-E295-4764-BF9A-3D7F0669949F}.Debug|x64.Build.0 = Debug|Any CPU
		{12CCFAB5-E295-4764-BF9A-3D7F0669949F}.Debug|x86.ActiveCfg = Debug|Any CPU
		{12CCFAB5-E295-4764-BF9A-3D7F0669949F}.Debug|x86.Build.0 = Debug|Any CPU
		{12CCFAB5-E295-4764-BF9A-3D7F0669949F}.Release|Any CPU.ActiveCfg = Release|Any CPU
		{12CCFAB5-E295-4764-BF9A-3D7F0669949F}.Release|Any CPU.Build.0 = Release|Any CPU
		{12CCFAB5-E295-4764-BF9A-3D7F0669949F}.Release|ARM.ActiveCfg = Release|Any CPU
		{12CCFAB5-E295-4764-BF9A-3D7F0669949F}.Release|ARM.Build.0 = Release|Any CPU
		{12CCFAB5-E295-4764-BF9A-3D7F0669949F}.Release|iPhone.ActiveCfg = Release|Any CPU
		{12CCFAB5-E295-4764-BF9A-3D7F0669949F}.Release|iPhone.Build.0 = Release|Any CPU
		{12CCFAB5-E295-4764-BF9A-3D7F0669949F}.Release|iPhoneSimulator.ActiveCfg = Release|Any CPU
		{12CCFAB5-E295-4764-BF9A-3D7F0669949F}.Release|iPhoneSimulator.Build.0 = Release|Any CPU
		{12CCFAB5-E295-4764-BF9A-3D7F0669949F}.Release|x64.ActiveCfg = Release|Any CPU
		{12CCFAB5-E295-4764-BF9A-3D7F0669949F}.Release|x64.Build.0 = Release|Any CPU
		{12CCFAB5-E295-4764-BF9A-3D7F0669949F}.Release|x86.ActiveCfg = Release|Any CPU
		{12CCFAB5-E295-4764-BF9A-3D7F0669949F}.Release|x86.Build.0 = Release|Any CPU
		{DD39BF0D-CA7B-4D13-877F-9408A121093C}.Ad-Hoc|Any CPU.ActiveCfg = Release|Any CPU
		{DD39BF0D-CA7B-4D13-877F-9408A121093C}.Ad-Hoc|Any CPU.Build.0 = Release|Any CPU
		{DD39BF0D-CA7B-4D13-877F-9408A121093C}.Ad-Hoc|ARM.ActiveCfg = Debug|Any CPU
		{DD39BF0D-CA7B-4D13-877F-9408A121093C}.Ad-Hoc|ARM.Build.0 = Debug|Any CPU
		{DD39BF0D-CA7B-4D13-877F-9408A121093C}.Ad-Hoc|iPhone.ActiveCfg = Release|Any CPU
		{DD39BF0D-CA7B-4D13-877F-9408A121093C}.Ad-Hoc|iPhone.Build.0 = Release|Any CPU
		{DD39BF0D-CA7B-4D13-877F-9408A121093C}.Ad-Hoc|iPhoneSimulator.ActiveCfg = Release|Any CPU
		{DD39BF0D-CA7B-4D13-877F-9408A121093C}.Ad-Hoc|iPhoneSimulator.Build.0 = Release|Any CPU
		{DD39BF0D-CA7B-4D13-877F-9408A121093C}.Ad-Hoc|x64.ActiveCfg = Debug|Any CPU
		{DD39BF0D-CA7B-4D13-877F-9408A121093C}.Ad-Hoc|x64.Build.0 = Debug|Any CPU
		{DD39BF0D-CA7B-4D13-877F-9408A121093C}.Ad-Hoc|x86.ActiveCfg = Debug|Any CPU
		{DD39BF0D-CA7B-4D13-877F-9408A121093C}.Ad-Hoc|x86.Build.0 = Debug|Any CPU
		{DD39BF0D-CA7B-4D13-877F-9408A121093C}.AppStore|Any CPU.ActiveCfg = Release|Any CPU
		{DD39BF0D-CA7B-4D13-877F-9408A121093C}.AppStore|Any CPU.Build.0 = Release|Any CPU
		{DD39BF0D-CA7B-4D13-877F-9408A121093C}.AppStore|ARM.ActiveCfg = Debug|Any CPU
		{DD39BF0D-CA7B-4D13-877F-9408A121093C}.AppStore|ARM.Build.0 = Debug|Any CPU
		{DD39BF0D-CA7B-4D13-877F-9408A121093C}.AppStore|iPhone.ActiveCfg = Release|Any CPU
		{DD39BF0D-CA7B-4D13-877F-9408A121093C}.AppStore|iPhone.Build.0 = Release|Any CPU
		{DD39BF0D-CA7B-4D13-877F-9408A121093C}.AppStore|iPhoneSimulator.ActiveCfg = Release|Any CPU
		{DD39BF0D-CA7B-4D13-877F-9408A121093C}.AppStore|iPhoneSimulator.Build.0 = Release|Any CPU
		{DD39BF0D-CA7B-4D13-877F-9408A121093C}.AppStore|x64.ActiveCfg = Debug|Any CPU
		{DD39BF0D-CA7B-4D13-877F-9408A121093C}.AppStore|x64.Build.0 = Debug|Any CPU
		{DD39BF0D-CA7B-4D13-877F-9408A121093C}.AppStore|x86.ActiveCfg = Debug|Any CPU
		{DD39BF0D-CA7B-4D13-877F-9408A121093C}.AppStore|x86.Build.0 = Debug|Any CPU
		{DD39BF0D-CA7B-4D13-877F-9408A121093C}.Debug|Any CPU.ActiveCfg = Debug|Any CPU
		{DD39BF0D-CA7B-4D13-877F-9408A121093C}.Debug|Any CPU.Build.0 = Debug|Any CPU
		{DD39BF0D-CA7B-4D13-877F-9408A121093C}.Debug|ARM.ActiveCfg = Debug|Any CPU
		{DD39BF0D-CA7B-4D13-877F-9408A121093C}.Debug|ARM.Build.0 = Debug|Any CPU
		{DD39BF0D-CA7B-4D13-877F-9408A121093C}.Debug|iPhone.ActiveCfg = Debug|Any CPU
		{DD39BF0D-CA7B-4D13-877F-9408A121093C}.Debug|iPhone.Build.0 = Debug|Any CPU
		{DD39BF0D-CA7B-4D13-877F-9408A121093C}.Debug|iPhoneSimulator.ActiveCfg = Debug|Any CPU
		{DD39BF0D-CA7B-4D13-877F-9408A121093C}.Debug|iPhoneSimulator.Build.0 = Debug|Any CPU
		{DD39BF0D-CA7B-4D13-877F-9408A121093C}.Debug|x64.ActiveCfg = Debug|Any CPU
		{DD39BF0D-CA7B-4D13-877F-9408A121093C}.Debug|x64.Build.0 = Debug|Any CPU
		{DD39BF0D-CA7B-4D13-877F-9408A121093C}.Debug|x86.ActiveCfg = Debug|Any CPU
		{DD39BF0D-CA7B-4D13-877F-9408A121093C}.Debug|x86.Build.0 = Debug|Any CPU
		{DD39BF0D-CA7B-4D13-877F-9408A121093C}.Release|Any CPU.ActiveCfg = Release|Any CPU
		{DD39BF0D-CA7B-4D13-877F-9408A121093C}.Release|Any CPU.Build.0 = Release|Any CPU
		{DD39BF0D-CA7B-4D13-877F-9408A121093C}.Release|ARM.ActiveCfg = Release|Any CPU
		{DD39BF0D-CA7B-4D13-877F-9408A121093C}.Release|ARM.Build.0 = Release|Any CPU
		{DD39BF0D-CA7B-4D13-877F-9408A121093C}.Release|iPhone.ActiveCfg = Release|Any CPU
		{DD39BF0D-CA7B-4D13-877F-9408A121093C}.Release|iPhone.Build.0 = Release|Any CPU
		{DD39BF0D-CA7B-4D13-877F-9408A121093C}.Release|iPhoneSimulator.ActiveCfg = Release|Any CPU
		{DD39BF0D-CA7B-4D13-877F-9408A121093C}.Release|iPhoneSimulator.Build.0 = Release|Any CPU
		{DD39BF0D-CA7B-4D13-877F-9408A121093C}.Release|x64.ActiveCfg = Release|Any CPU
		{DD39BF0D-CA7B-4D13-877F-9408A121093C}.Release|x64.Build.0 = Release|Any CPU
		{DD39BF0D-CA7B-4D13-877F-9408A121093C}.Release|x86.ActiveCfg = Release|Any CPU
		{DD39BF0D-CA7B-4D13-877F-9408A121093C}.Release|x86.Build.0 = Release|Any CPU
		{A4A790E2-D79A-4A58-8A87-8D41CFB4CFA9}.Ad-Hoc|Any CPU.ActiveCfg = Release|Any CPU
		{A4A790E2-D79A-4A58-8A87-8D41CFB4CFA9}.Ad-Hoc|Any CPU.Build.0 = Release|Any CPU
		{A4A790E2-D79A-4A58-8A87-8D41CFB4CFA9}.Ad-Hoc|ARM.ActiveCfg = Debug|Any CPU
		{A4A790E2-D79A-4A58-8A87-8D41CFB4CFA9}.Ad-Hoc|ARM.Build.0 = Debug|Any CPU
		{A4A790E2-D79A-4A58-8A87-8D41CFB4CFA9}.Ad-Hoc|iPhone.ActiveCfg = Release|Any CPU
		{A4A790E2-D79A-4A58-8A87-8D41CFB4CFA9}.Ad-Hoc|iPhone.Build.0 = Release|Any CPU
		{A4A790E2-D79A-4A58-8A87-8D41CFB4CFA9}.Ad-Hoc|iPhoneSimulator.ActiveCfg = Release|Any CPU
		{A4A790E2-D79A-4A58-8A87-8D41CFB4CFA9}.Ad-Hoc|iPhoneSimulator.Build.0 = Release|Any CPU
		{A4A790E2-D79A-4A58-8A87-8D41CFB4CFA9}.Ad-Hoc|x64.ActiveCfg = Debug|Any CPU
		{A4A790E2-D79A-4A58-8A87-8D41CFB4CFA9}.Ad-Hoc|x64.Build.0 = Debug|Any CPU
		{A4A790E2-D79A-4A58-8A87-8D41CFB4CFA9}.Ad-Hoc|x86.ActiveCfg = Debug|Any CPU
		{A4A790E2-D79A-4A58-8A87-8D41CFB4CFA9}.Ad-Hoc|x86.Build.0 = Debug|Any CPU
		{A4A790E2-D79A-4A58-8A87-8D41CFB4CFA9}.AppStore|Any CPU.ActiveCfg = Release|Any CPU
		{A4A790E2-D79A-4A58-8A87-8D41CFB4CFA9}.AppStore|Any CPU.Build.0 = Release|Any CPU
		{A4A790E2-D79A-4A58-8A87-8D41CFB4CFA9}.AppStore|ARM.ActiveCfg = Debug|Any CPU
		{A4A790E2-D79A-4A58-8A87-8D41CFB4CFA9}.AppStore|ARM.Build.0 = Debug|Any CPU
		{A4A790E2-D79A-4A58-8A87-8D41CFB4CFA9}.AppStore|iPhone.ActiveCfg = Release|Any CPU
		{A4A790E2-D79A-4A58-8A87-8D41CFB4CFA9}.AppStore|iPhone.Build.0 = Release|Any CPU
		{A4A790E2-D79A-4A58-8A87-8D41CFB4CFA9}.AppStore|iPhoneSimulator.ActiveCfg = Release|Any CPU
		{A4A790E2-D79A-4A58-8A87-8D41CFB4CFA9}.AppStore|iPhoneSimulator.Build.0 = Release|Any CPU
		{A4A790E2-D79A-4A58-8A87-8D41CFB4CFA9}.AppStore|x64.ActiveCfg = Debug|Any CPU
		{A4A790E2-D79A-4A58-8A87-8D41CFB4CFA9}.AppStore|x64.Build.0 = Debug|Any CPU
		{A4A790E2-D79A-4A58-8A87-8D41CFB4CFA9}.AppStore|x86.ActiveCfg = Debug|Any CPU
		{A4A790E2-D79A-4A58-8A87-8D41CFB4CFA9}.AppStore|x86.Build.0 = Debug|Any CPU
		{A4A790E2-D79A-4A58-8A87-8D41CFB4CFA9}.Debug|Any CPU.ActiveCfg = Debug|Any CPU
		{A4A790E2-D79A-4A58-8A87-8D41CFB4CFA9}.Debug|Any CPU.Build.0 = Debug|Any CPU
		{A4A790E2-D79A-4A58-8A87-8D41CFB4CFA9}.Debug|ARM.ActiveCfg = Debug|Any CPU
		{A4A790E2-D79A-4A58-8A87-8D41CFB4CFA9}.Debug|ARM.Build.0 = Debug|Any CPU
		{A4A790E2-D79A-4A58-8A87-8D41CFB4CFA9}.Debug|iPhone.ActiveCfg = Debug|Any CPU
		{A4A790E2-D79A-4A58-8A87-8D41CFB4CFA9}.Debug|iPhone.Build.0 = Debug|Any CPU
		{A4A790E2-D79A-4A58-8A87-8D41CFB4CFA9}.Debug|iPhoneSimulator.ActiveCfg = Debug|Any CPU
		{A4A790E2-D79A-4A58-8A87-8D41CFB4CFA9}.Debug|iPhoneSimulator.Build.0 = Debug|Any CPU
		{A4A790E2-D79A-4A58-8A87-8D41CFB4CFA9}.Debug|x64.ActiveCfg = Debug|Any CPU
		{A4A790E2-D79A-4A58-8A87-8D41CFB4CFA9}.Debug|x64.Build.0 = Debug|Any CPU
		{A4A790E2-D79A-4A58-8A87-8D41CFB4CFA9}.Debug|x86.ActiveCfg = Debug|Any CPU
		{A4A790E2-D79A-4A58-8A87-8D41CFB4CFA9}.Debug|x86.Build.0 = Debug|Any CPU
		{A4A790E2-D79A-4A58-8A87-8D41CFB4CFA9}.Release|Any CPU.ActiveCfg = Release|Any CPU
		{A4A790E2-D79A-4A58-8A87-8D41CFB4CFA9}.Release|Any CPU.Build.0 = Release|Any CPU
		{A4A790E2-D79A-4A58-8A87-8D41CFB4CFA9}.Release|ARM.ActiveCfg = Release|Any CPU
		{A4A790E2-D79A-4A58-8A87-8D41CFB4CFA9}.Release|ARM.Build.0 = Release|Any CPU
		{A4A790E2-D79A-4A58-8A87-8D41CFB4CFA9}.Release|iPhone.ActiveCfg = Release|Any CPU
		{A4A790E2-D79A-4A58-8A87-8D41CFB4CFA9}.Release|iPhone.Build.0 = Release|Any CPU
		{A4A790E2-D79A-4A58-8A87-8D41CFB4CFA9}.Release|iPhoneSimulator.ActiveCfg = Release|Any CPU
		{A4A790E2-D79A-4A58-8A87-8D41CFB4CFA9}.Release|iPhoneSimulator.Build.0 = Release|Any CPU
		{A4A790E2-D79A-4A58-8A87-8D41CFB4CFA9}.Release|x64.ActiveCfg = Release|Any CPU
		{A4A790E2-D79A-4A58-8A87-8D41CFB4CFA9}.Release|x64.Build.0 = Release|Any CPU
		{A4A790E2-D79A-4A58-8A87-8D41CFB4CFA9}.Release|x86.ActiveCfg = Release|Any CPU
		{A4A790E2-D79A-4A58-8A87-8D41CFB4CFA9}.Release|x86.Build.0 = Release|Any CPU
		{50149C06-2BE5-4163-8833-EEF5920EB8A6}.Ad-Hoc|Any CPU.ActiveCfg = Debug|Any CPU
		{50149C06-2BE5-4163-8833-EEF5920EB8A6}.Ad-Hoc|Any CPU.Build.0 = Debug|Any CPU
		{50149C06-2BE5-4163-8833-EEF5920EB8A6}.Ad-Hoc|ARM.ActiveCfg = Release|Any CPU
		{50149C06-2BE5-4163-8833-EEF5920EB8A6}.Ad-Hoc|ARM.Build.0 = Release|Any CPU
		{50149C06-2BE5-4163-8833-EEF5920EB8A6}.Ad-Hoc|iPhone.ActiveCfg = Debug|Any CPU
		{50149C06-2BE5-4163-8833-EEF5920EB8A6}.Ad-Hoc|iPhone.Build.0 = Debug|Any CPU
		{50149C06-2BE5-4163-8833-EEF5920EB8A6}.Ad-Hoc|iPhoneSimulator.ActiveCfg = Debug|Any CPU
		{50149C06-2BE5-4163-8833-EEF5920EB8A6}.Ad-Hoc|iPhoneSimulator.Build.0 = Debug|Any CPU
		{50149C06-2BE5-4163-8833-EEF5920EB8A6}.Ad-Hoc|x64.ActiveCfg = Release|Any CPU
		{50149C06-2BE5-4163-8833-EEF5920EB8A6}.Ad-Hoc|x64.Build.0 = Release|Any CPU
		{50149C06-2BE5-4163-8833-EEF5920EB8A6}.Ad-Hoc|x86.ActiveCfg = Release|Any CPU
		{50149C06-2BE5-4163-8833-EEF5920EB8A6}.Ad-Hoc|x86.Build.0 = Release|Any CPU
		{50149C06-2BE5-4163-8833-EEF5920EB8A6}.AppStore|Any CPU.ActiveCfg = Debug|Any CPU
		{50149C06-2BE5-4163-8833-EEF5920EB8A6}.AppStore|Any CPU.Build.0 = Debug|Any CPU
		{50149C06-2BE5-4163-8833-EEF5920EB8A6}.AppStore|ARM.ActiveCfg = Release|Any CPU
		{50149C06-2BE5-4163-8833-EEF5920EB8A6}.AppStore|ARM.Build.0 = Release|Any CPU
		{50149C06-2BE5-4163-8833-EEF5920EB8A6}.AppStore|iPhone.ActiveCfg = Debug|Any CPU
		{50149C06-2BE5-4163-8833-EEF5920EB8A6}.AppStore|iPhone.Build.0 = Debug|Any CPU
		{50149C06-2BE5-4163-8833-EEF5920EB8A6}.AppStore|iPhoneSimulator.ActiveCfg = Debug|Any CPU
		{50149C06-2BE5-4163-8833-EEF5920EB8A6}.AppStore|iPhoneSimulator.Build.0 = Debug|Any CPU
		{50149C06-2BE5-4163-8833-EEF5920EB8A6}.AppStore|x64.ActiveCfg = Release|Any CPU
		{50149C06-2BE5-4163-8833-EEF5920EB8A6}.AppStore|x64.Build.0 = Release|Any CPU
		{50149C06-2BE5-4163-8833-EEF5920EB8A6}.AppStore|x86.ActiveCfg = Release|Any CPU
		{50149C06-2BE5-4163-8833-EEF5920EB8A6}.AppStore|x86.Build.0 = Release|Any CPU
		{50149C06-2BE5-4163-8833-EEF5920EB8A6}.Debug|Any CPU.ActiveCfg = Debug|Any CPU
		{50149C06-2BE5-4163-8833-EEF5920EB8A6}.Debug|Any CPU.Build.0 = Debug|Any CPU
		{50149C06-2BE5-4163-8833-EEF5920EB8A6}.Debug|ARM.ActiveCfg = Debug|Any CPU
		{50149C06-2BE5-4163-8833-EEF5920EB8A6}.Debug|ARM.Build.0 = Debug|Any CPU
		{50149C06-2BE5-4163-8833-EEF5920EB8A6}.Debug|iPhone.ActiveCfg = Debug|Any CPU
		{50149C06-2BE5-4163-8833-EEF5920EB8A6}.Debug|iPhone.Build.0 = Debug|Any CPU
		{50149C06-2BE5-4163-8833-EEF5920EB8A6}.Debug|iPhoneSimulator.ActiveCfg = Debug|Any CPU
		{50149C06-2BE5-4163-8833-EEF5920EB8A6}.Debug|iPhoneSimulator.Build.0 = Debug|Any CPU
		{50149C06-2BE5-4163-8833-EEF5920EB8A6}.Debug|x64.ActiveCfg = Debug|Any CPU
		{50149C06-2BE5-4163-8833-EEF5920EB8A6}.Debug|x64.Build.0 = Debug|Any CPU
		{50149C06-2BE5-4163-8833-EEF5920EB8A6}.Debug|x86.ActiveCfg = Debug|Any CPU
		{50149C06-2BE5-4163-8833-EEF5920EB8A6}.Debug|x86.Build.0 = Debug|Any CPU
		{50149C06-2BE5-4163-8833-EEF5920EB8A6}.Release|Any CPU.ActiveCfg = Release|Any CPU
		{50149C06-2BE5-4163-8833-EEF5920EB8A6}.Release|Any CPU.Build.0 = Release|Any CPU
		{50149C06-2BE5-4163-8833-EEF5920EB8A6}.Release|ARM.ActiveCfg = Release|Any CPU
		{50149C06-2BE5-4163-8833-EEF5920EB8A6}.Release|ARM.Build.0 = Release|Any CPU
		{50149C06-2BE5-4163-8833-EEF5920EB8A6}.Release|iPhone.ActiveCfg = Release|Any CPU
		{50149C06-2BE5-4163-8833-EEF5920EB8A6}.Release|iPhone.Build.0 = Release|Any CPU
		{50149C06-2BE5-4163-8833-EEF5920EB8A6}.Release|iPhoneSimulator.ActiveCfg = Release|Any CPU
		{50149C06-2BE5-4163-8833-EEF5920EB8A6}.Release|iPhoneSimulator.Build.0 = Release|Any CPU
		{50149C06-2BE5-4163-8833-EEF5920EB8A6}.Release|x64.ActiveCfg = Release|Any CPU
		{50149C06-2BE5-4163-8833-EEF5920EB8A6}.Release|x64.Build.0 = Release|Any CPU
		{50149C06-2BE5-4163-8833-EEF5920EB8A6}.Release|x86.ActiveCfg = Release|Any CPU
		{50149C06-2BE5-4163-8833-EEF5920EB8A6}.Release|x86.Build.0 = Release|Any CPU
		{906137E4-05C6-4434-BDFC-B0D5EA48CDCA}.Ad-Hoc|Any CPU.ActiveCfg = Debug|Any CPU
		{906137E4-05C6-4434-BDFC-B0D5EA48CDCA}.Ad-Hoc|Any CPU.Build.0 = Debug|Any CPU
		{906137E4-05C6-4434-BDFC-B0D5EA48CDCA}.Ad-Hoc|ARM.ActiveCfg = Release|Any CPU
		{906137E4-05C6-4434-BDFC-B0D5EA48CDCA}.Ad-Hoc|ARM.Build.0 = Release|Any CPU
		{906137E4-05C6-4434-BDFC-B0D5EA48CDCA}.Ad-Hoc|iPhone.ActiveCfg = Debug|Any CPU
		{906137E4-05C6-4434-BDFC-B0D5EA48CDCA}.Ad-Hoc|iPhone.Build.0 = Debug|Any CPU
		{906137E4-05C6-4434-BDFC-B0D5EA48CDCA}.Ad-Hoc|iPhoneSimulator.ActiveCfg = Debug|Any CPU
		{906137E4-05C6-4434-BDFC-B0D5EA48CDCA}.Ad-Hoc|iPhoneSimulator.Build.0 = Debug|Any CPU
		{906137E4-05C6-4434-BDFC-B0D5EA48CDCA}.Ad-Hoc|x64.ActiveCfg = Release|Any CPU
		{906137E4-05C6-4434-BDFC-B0D5EA48CDCA}.Ad-Hoc|x64.Build.0 = Release|Any CPU
		{906137E4-05C6-4434-BDFC-B0D5EA48CDCA}.Ad-Hoc|x86.ActiveCfg = Release|Any CPU
		{906137E4-05C6-4434-BDFC-B0D5EA48CDCA}.Ad-Hoc|x86.Build.0 = Release|Any CPU
		{906137E4-05C6-4434-BDFC-B0D5EA48CDCA}.AppStore|Any CPU.ActiveCfg = Debug|Any CPU
		{906137E4-05C6-4434-BDFC-B0D5EA48CDCA}.AppStore|Any CPU.Build.0 = Debug|Any CPU
		{906137E4-05C6-4434-BDFC-B0D5EA48CDCA}.AppStore|ARM.ActiveCfg = Release|Any CPU
		{906137E4-05C6-4434-BDFC-B0D5EA48CDCA}.AppStore|ARM.Build.0 = Release|Any CPU
		{906137E4-05C6-4434-BDFC-B0D5EA48CDCA}.AppStore|iPhone.ActiveCfg = Debug|Any CPU
		{906137E4-05C6-4434-BDFC-B0D5EA48CDCA}.AppStore|iPhone.Build.0 = Debug|Any CPU
		{906137E4-05C6-4434-BDFC-B0D5EA48CDCA}.AppStore|iPhoneSimulator.ActiveCfg = Debug|Any CPU
		{906137E4-05C6-4434-BDFC-B0D5EA48CDCA}.AppStore|iPhoneSimulator.Build.0 = Debug|Any CPU
		{906137E4-05C6-4434-BDFC-B0D5EA48CDCA}.AppStore|x64.ActiveCfg = Release|Any CPU
		{906137E4-05C6-4434-BDFC-B0D5EA48CDCA}.AppStore|x64.Build.0 = Release|Any CPU
		{906137E4-05C6-4434-BDFC-B0D5EA48CDCA}.AppStore|x86.ActiveCfg = Release|Any CPU
		{906137E4-05C6-4434-BDFC-B0D5EA48CDCA}.AppStore|x86.Build.0 = Release|Any CPU
		{906137E4-05C6-4434-BDFC-B0D5EA48CDCA}.Debug|Any CPU.ActiveCfg = Debug|Any CPU
		{906137E4-05C6-4434-BDFC-B0D5EA48CDCA}.Debug|Any CPU.Build.0 = Debug|Any CPU
		{906137E4-05C6-4434-BDFC-B0D5EA48CDCA}.Debug|ARM.ActiveCfg = Debug|Any CPU
		{906137E4-05C6-4434-BDFC-B0D5EA48CDCA}.Debug|ARM.Build.0 = Debug|Any CPU
		{906137E4-05C6-4434-BDFC-B0D5EA48CDCA}.Debug|iPhone.ActiveCfg = Debug|Any CPU
		{906137E4-05C6-4434-BDFC-B0D5EA48CDCA}.Debug|iPhone.Build.0 = Debug|Any CPU
		{906137E4-05C6-4434-BDFC-B0D5EA48CDCA}.Debug|iPhoneSimulator.ActiveCfg = Debug|Any CPU
		{906137E4-05C6-4434-BDFC-B0D5EA48CDCA}.Debug|iPhoneSimulator.Build.0 = Debug|Any CPU
		{906137E4-05C6-4434-BDFC-B0D5EA48CDCA}.Debug|x64.ActiveCfg = Debug|Any CPU
		{906137E4-05C6-4434-BDFC-B0D5EA48CDCA}.Debug|x64.Build.0 = Debug|Any CPU
		{906137E4-05C6-4434-BDFC-B0D5EA48CDCA}.Debug|x86.ActiveCfg = Debug|Any CPU
		{906137E4-05C6-4434-BDFC-B0D5EA48CDCA}.Debug|x86.Build.0 = Debug|Any CPU
		{906137E4-05C6-4434-BDFC-B0D5EA48CDCA}.Release|Any CPU.ActiveCfg = Release|Any CPU
		{906137E4-05C6-4434-BDFC-B0D5EA48CDCA}.Release|Any CPU.Build.0 = Release|Any CPU
		{906137E4-05C6-4434-BDFC-B0D5EA48CDCA}.Release|ARM.ActiveCfg = Release|Any CPU
		{906137E4-05C6-4434-BDFC-B0D5EA48CDCA}.Release|ARM.Build.0 = Release|Any CPU
		{906137E4-05C6-4434-BDFC-B0D5EA48CDCA}.Release|iPhone.ActiveCfg = Release|Any CPU
		{906137E4-05C6-4434-BDFC-B0D5EA48CDCA}.Release|iPhone.Build.0 = Release|Any CPU
		{906137E4-05C6-4434-BDFC-B0D5EA48CDCA}.Release|iPhoneSimulator.ActiveCfg = Release|Any CPU
		{906137E4-05C6-4434-BDFC-B0D5EA48CDCA}.Release|iPhoneSimulator.Build.0 = Release|Any CPU
		{906137E4-05C6-4434-BDFC-B0D5EA48CDCA}.Release|x64.ActiveCfg = Release|Any CPU
		{906137E4-05C6-4434-BDFC-B0D5EA48CDCA}.Release|x64.Build.0 = Release|Any CPU
		{906137E4-05C6-4434-BDFC-B0D5EA48CDCA}.Release|x86.ActiveCfg = Release|Any CPU
		{906137E4-05C6-4434-BDFC-B0D5EA48CDCA}.Release|x86.Build.0 = Release|Any CPU
		{2E69ADE3-F09A-4F02-991A-35FFE2FB7DEA}.Ad-Hoc|Any CPU.ActiveCfg = Debug|Any CPU
		{2E69ADE3-F09A-4F02-991A-35FFE2FB7DEA}.Ad-Hoc|Any CPU.Build.0 = Debug|Any CPU
		{2E69ADE3-F09A-4F02-991A-35FFE2FB7DEA}.Ad-Hoc|ARM.ActiveCfg = Release|Any CPU
		{2E69ADE3-F09A-4F02-991A-35FFE2FB7DEA}.Ad-Hoc|ARM.Build.0 = Release|Any CPU
		{2E69ADE3-F09A-4F02-991A-35FFE2FB7DEA}.Ad-Hoc|iPhone.ActiveCfg = Debug|Any CPU
		{2E69ADE3-F09A-4F02-991A-35FFE2FB7DEA}.Ad-Hoc|iPhone.Build.0 = Debug|Any CPU
		{2E69ADE3-F09A-4F02-991A-35FFE2FB7DEA}.Ad-Hoc|iPhoneSimulator.ActiveCfg = Debug|Any CPU
		{2E69ADE3-F09A-4F02-991A-35FFE2FB7DEA}.Ad-Hoc|iPhoneSimulator.Build.0 = Debug|Any CPU
		{2E69ADE3-F09A-4F02-991A-35FFE2FB7DEA}.Ad-Hoc|x64.ActiveCfg = Release|Any CPU
		{2E69ADE3-F09A-4F02-991A-35FFE2FB7DEA}.Ad-Hoc|x64.Build.0 = Release|Any CPU
		{2E69ADE3-F09A-4F02-991A-35FFE2FB7DEA}.Ad-Hoc|x86.ActiveCfg = Release|Any CPU
		{2E69ADE3-F09A-4F02-991A-35FFE2FB7DEA}.Ad-Hoc|x86.Build.0 = Release|Any CPU
		{2E69ADE3-F09A-4F02-991A-35FFE2FB7DEA}.AppStore|Any CPU.ActiveCfg = Debug|Any CPU
		{2E69ADE3-F09A-4F02-991A-35FFE2FB7DEA}.AppStore|Any CPU.Build.0 = Debug|Any CPU
		{2E69ADE3-F09A-4F02-991A-35FFE2FB7DEA}.AppStore|ARM.ActiveCfg = Release|Any CPU
		{2E69ADE3-F09A-4F02-991A-35FFE2FB7DEA}.AppStore|ARM.Build.0 = Release|Any CPU
		{2E69ADE3-F09A-4F02-991A-35FFE2FB7DEA}.AppStore|iPhone.ActiveCfg = Debug|Any CPU
		{2E69ADE3-F09A-4F02-991A-35FFE2FB7DEA}.AppStore|iPhone.Build.0 = Debug|Any CPU
		{2E69ADE3-F09A-4F02-991A-35FFE2FB7DEA}.AppStore|iPhoneSimulator.ActiveCfg = Debug|Any CPU
		{2E69ADE3-F09A-4F02-991A-35FFE2FB7DEA}.AppStore|iPhoneSimulator.Build.0 = Debug|Any CPU
		{2E69ADE3-F09A-4F02-991A-35FFE2FB7DEA}.AppStore|x64.ActiveCfg = Release|Any CPU
		{2E69ADE3-F09A-4F02-991A-35FFE2FB7DEA}.AppStore|x64.Build.0 = Release|Any CPU
		{2E69ADE3-F09A-4F02-991A-35FFE2FB7DEA}.AppStore|x86.ActiveCfg = Release|Any CPU
		{2E69ADE3-F09A-4F02-991A-35FFE2FB7DEA}.AppStore|x86.Build.0 = Release|Any CPU
		{2E69ADE3-F09A-4F02-991A-35FFE2FB7DEA}.Debug|Any CPU.ActiveCfg = Debug|Any CPU
		{2E69ADE3-F09A-4F02-991A-35FFE2FB7DEA}.Debug|Any CPU.Build.0 = Debug|Any CPU
		{2E69ADE3-F09A-4F02-991A-35FFE2FB7DEA}.Debug|ARM.ActiveCfg = Debug|Any CPU
		{2E69ADE3-F09A-4F02-991A-35FFE2FB7DEA}.Debug|ARM.Build.0 = Debug|Any CPU
		{2E69ADE3-F09A-4F02-991A-35FFE2FB7DEA}.Debug|iPhone.ActiveCfg = Debug|Any CPU
		{2E69ADE3-F09A-4F02-991A-35FFE2FB7DEA}.Debug|iPhone.Build.0 = Debug|Any CPU
		{2E69ADE3-F09A-4F02-991A-35FFE2FB7DEA}.Debug|iPhoneSimulator.ActiveCfg = Debug|Any CPU
		{2E69ADE3-F09A-4F02-991A-35FFE2FB7DEA}.Debug|iPhoneSimulator.Build.0 = Debug|Any CPU
		{2E69ADE3-F09A-4F02-991A-35FFE2FB7DEA}.Debug|x64.ActiveCfg = Debug|Any CPU
		{2E69ADE3-F09A-4F02-991A-35FFE2FB7DEA}.Debug|x64.Build.0 = Debug|Any CPU
		{2E69ADE3-F09A-4F02-991A-35FFE2FB7DEA}.Debug|x86.ActiveCfg = Debug|Any CPU
		{2E69ADE3-F09A-4F02-991A-35FFE2FB7DEA}.Debug|x86.Build.0 = Debug|Any CPU
		{2E69ADE3-F09A-4F02-991A-35FFE2FB7DEA}.Release|Any CPU.ActiveCfg = Release|Any CPU
		{2E69ADE3-F09A-4F02-991A-35FFE2FB7DEA}.Release|Any CPU.Build.0 = Release|Any CPU
		{2E69ADE3-F09A-4F02-991A-35FFE2FB7DEA}.Release|ARM.ActiveCfg = Release|Any CPU
		{2E69ADE3-F09A-4F02-991A-35FFE2FB7DEA}.Release|ARM.Build.0 = Release|Any CPU
		{2E69ADE3-F09A-4F02-991A-35FFE2FB7DEA}.Release|iPhone.ActiveCfg = Release|Any CPU
		{2E69ADE3-F09A-4F02-991A-35FFE2FB7DEA}.Release|iPhone.Build.0 = Release|Any CPU
		{2E69ADE3-F09A-4F02-991A-35FFE2FB7DEA}.Release|iPhoneSimulator.ActiveCfg = Release|Any CPU
		{2E69ADE3-F09A-4F02-991A-35FFE2FB7DEA}.Release|iPhoneSimulator.Build.0 = Release|Any CPU
		{2E69ADE3-F09A-4F02-991A-35FFE2FB7DEA}.Release|x64.ActiveCfg = Release|Any CPU
		{2E69ADE3-F09A-4F02-991A-35FFE2FB7DEA}.Release|x64.Build.0 = Release|Any CPU
		{2E69ADE3-F09A-4F02-991A-35FFE2FB7DEA}.Release|x86.ActiveCfg = Release|Any CPU
		{2E69ADE3-F09A-4F02-991A-35FFE2FB7DEA}.Release|x86.Build.0 = Release|Any CPU
		{E1D51BBD-4380-41AC-BB72-D004D3548C05}.Ad-Hoc|Any CPU.ActiveCfg = Release|Any CPU
		{E1D51BBD-4380-41AC-BB72-D004D3548C05}.Ad-Hoc|Any CPU.Build.0 = Release|Any CPU
		{E1D51BBD-4380-41AC-BB72-D004D3548C05}.Ad-Hoc|Any CPU.Deploy.0 = Release|Any CPU
		{E1D51BBD-4380-41AC-BB72-D004D3548C05}.Ad-Hoc|ARM.ActiveCfg = Release|Any CPU
		{E1D51BBD-4380-41AC-BB72-D004D3548C05}.Ad-Hoc|ARM.Build.0 = Release|Any CPU
		{E1D51BBD-4380-41AC-BB72-D004D3548C05}.Ad-Hoc|ARM.Deploy.0 = Release|Any CPU
		{E1D51BBD-4380-41AC-BB72-D004D3548C05}.Ad-Hoc|iPhone.ActiveCfg = Release|Any CPU
		{E1D51BBD-4380-41AC-BB72-D004D3548C05}.Ad-Hoc|iPhone.Build.0 = Release|Any CPU
		{E1D51BBD-4380-41AC-BB72-D004D3548C05}.Ad-Hoc|iPhone.Deploy.0 = Release|Any CPU
		{E1D51BBD-4380-41AC-BB72-D004D3548C05}.Ad-Hoc|iPhoneSimulator.ActiveCfg = Release|Any CPU
		{E1D51BBD-4380-41AC-BB72-D004D3548C05}.Ad-Hoc|iPhoneSimulator.Build.0 = Release|Any CPU
		{E1D51BBD-4380-41AC-BB72-D004D3548C05}.Ad-Hoc|iPhoneSimulator.Deploy.0 = Release|Any CPU
		{E1D51BBD-4380-41AC-BB72-D004D3548C05}.Ad-Hoc|x64.ActiveCfg = Release|Any CPU
		{E1D51BBD-4380-41AC-BB72-D004D3548C05}.Ad-Hoc|x64.Build.0 = Release|Any CPU
		{E1D51BBD-4380-41AC-BB72-D004D3548C05}.Ad-Hoc|x64.Deploy.0 = Release|Any CPU
		{E1D51BBD-4380-41AC-BB72-D004D3548C05}.Ad-Hoc|x86.ActiveCfg = Release|Any CPU
		{E1D51BBD-4380-41AC-BB72-D004D3548C05}.Ad-Hoc|x86.Build.0 = Release|Any CPU
		{E1D51BBD-4380-41AC-BB72-D004D3548C05}.Ad-Hoc|x86.Deploy.0 = Release|Any CPU
		{E1D51BBD-4380-41AC-BB72-D004D3548C05}.AppStore|Any CPU.ActiveCfg = Release|Any CPU
		{E1D51BBD-4380-41AC-BB72-D004D3548C05}.AppStore|Any CPU.Build.0 = Release|Any CPU
		{E1D51BBD-4380-41AC-BB72-D004D3548C05}.AppStore|Any CPU.Deploy.0 = Release|Any CPU
		{E1D51BBD-4380-41AC-BB72-D004D3548C05}.AppStore|ARM.ActiveCfg = Release|Any CPU
		{E1D51BBD-4380-41AC-BB72-D004D3548C05}.AppStore|ARM.Build.0 = Release|Any CPU
		{E1D51BBD-4380-41AC-BB72-D004D3548C05}.AppStore|ARM.Deploy.0 = Release|Any CPU
		{E1D51BBD-4380-41AC-BB72-D004D3548C05}.AppStore|iPhone.ActiveCfg = Release|Any CPU
		{E1D51BBD-4380-41AC-BB72-D004D3548C05}.AppStore|iPhone.Build.0 = Release|Any CPU
		{E1D51BBD-4380-41AC-BB72-D004D3548C05}.AppStore|iPhone.Deploy.0 = Release|Any CPU
		{E1D51BBD-4380-41AC-BB72-D004D3548C05}.AppStore|iPhoneSimulator.ActiveCfg = Release|Any CPU
		{E1D51BBD-4380-41AC-BB72-D004D3548C05}.AppStore|iPhoneSimulator.Build.0 = Release|Any CPU
		{E1D51BBD-4380-41AC-BB72-D004D3548C05}.AppStore|iPhoneSimulator.Deploy.0 = Release|Any CPU
		{E1D51BBD-4380-41AC-BB72-D004D3548C05}.AppStore|x64.ActiveCfg = Release|Any CPU
		{E1D51BBD-4380-41AC-BB72-D004D3548C05}.AppStore|x64.Build.0 = Release|Any CPU
		{E1D51BBD-4380-41AC-BB72-D004D3548C05}.AppStore|x64.Deploy.0 = Release|Any CPU
		{E1D51BBD-4380-41AC-BB72-D004D3548C05}.AppStore|x86.ActiveCfg = Release|Any CPU
		{E1D51BBD-4380-41AC-BB72-D004D3548C05}.AppStore|x86.Build.0 = Release|Any CPU
		{E1D51BBD-4380-41AC-BB72-D004D3548C05}.AppStore|x86.Deploy.0 = Release|Any CPU
		{E1D51BBD-4380-41AC-BB72-D004D3548C05}.Debug|Any CPU.ActiveCfg = Debug|Any CPU
		{E1D51BBD-4380-41AC-BB72-D004D3548C05}.Debug|Any CPU.Build.0 = Debug|Any CPU
		{E1D51BBD-4380-41AC-BB72-D004D3548C05}.Debug|Any CPU.Deploy.0 = Debug|Any CPU
		{E1D51BBD-4380-41AC-BB72-D004D3548C05}.Debug|ARM.ActiveCfg = Debug|Any CPU
		{E1D51BBD-4380-41AC-BB72-D004D3548C05}.Debug|ARM.Build.0 = Debug|Any CPU
		{E1D51BBD-4380-41AC-BB72-D004D3548C05}.Debug|ARM.Deploy.0 = Debug|Any CPU
		{E1D51BBD-4380-41AC-BB72-D004D3548C05}.Debug|iPhone.ActiveCfg = Debug|Any CPU
		{E1D51BBD-4380-41AC-BB72-D004D3548C05}.Debug|iPhone.Build.0 = Debug|Any CPU
		{E1D51BBD-4380-41AC-BB72-D004D3548C05}.Debug|iPhone.Deploy.0 = Debug|Any CPU
		{E1D51BBD-4380-41AC-BB72-D004D3548C05}.Debug|iPhoneSimulator.ActiveCfg = Debug|Any CPU
		{E1D51BBD-4380-41AC-BB72-D004D3548C05}.Debug|iPhoneSimulator.Build.0 = Debug|Any CPU
		{E1D51BBD-4380-41AC-BB72-D004D3548C05}.Debug|iPhoneSimulator.Deploy.0 = Debug|Any CPU
		{E1D51BBD-4380-41AC-BB72-D004D3548C05}.Debug|x64.ActiveCfg = Debug|Any CPU
		{E1D51BBD-4380-41AC-BB72-D004D3548C05}.Debug|x64.Build.0 = Debug|Any CPU
		{E1D51BBD-4380-41AC-BB72-D004D3548C05}.Debug|x64.Deploy.0 = Debug|Any CPU
		{E1D51BBD-4380-41AC-BB72-D004D3548C05}.Debug|x86.ActiveCfg = Debug|Any CPU
		{E1D51BBD-4380-41AC-BB72-D004D3548C05}.Debug|x86.Build.0 = Debug|Any CPU
		{E1D51BBD-4380-41AC-BB72-D004D3548C05}.Debug|x86.Deploy.0 = Debug|Any CPU
		{E1D51BBD-4380-41AC-BB72-D004D3548C05}.Release|Any CPU.ActiveCfg = Release|Any CPU
		{E1D51BBD-4380-41AC-BB72-D004D3548C05}.Release|Any CPU.Build.0 = Release|Any CPU
		{E1D51BBD-4380-41AC-BB72-D004D3548C05}.Release|Any CPU.Deploy.0 = Release|Any CPU
		{E1D51BBD-4380-41AC-BB72-D004D3548C05}.Release|ARM.ActiveCfg = Release|Any CPU
		{E1D51BBD-4380-41AC-BB72-D004D3548C05}.Release|ARM.Build.0 = Release|Any CPU
		{E1D51BBD-4380-41AC-BB72-D004D3548C05}.Release|ARM.Deploy.0 = Release|Any CPU
		{E1D51BBD-4380-41AC-BB72-D004D3548C05}.Release|iPhone.ActiveCfg = Release|Any CPU
		{E1D51BBD-4380-41AC-BB72-D004D3548C05}.Release|iPhone.Build.0 = Release|Any CPU
		{E1D51BBD-4380-41AC-BB72-D004D3548C05}.Release|iPhone.Deploy.0 = Release|Any CPU
		{E1D51BBD-4380-41AC-BB72-D004D3548C05}.Release|iPhoneSimulator.ActiveCfg = Release|Any CPU
		{E1D51BBD-4380-41AC-BB72-D004D3548C05}.Release|iPhoneSimulator.Build.0 = Release|Any CPU
		{E1D51BBD-4380-41AC-BB72-D004D3548C05}.Release|iPhoneSimulator.Deploy.0 = Release|Any CPU
		{E1D51BBD-4380-41AC-BB72-D004D3548C05}.Release|x64.ActiveCfg = Release|Any CPU
		{E1D51BBD-4380-41AC-BB72-D004D3548C05}.Release|x64.Build.0 = Release|Any CPU
		{E1D51BBD-4380-41AC-BB72-D004D3548C05}.Release|x64.Deploy.0 = Release|Any CPU
		{E1D51BBD-4380-41AC-BB72-D004D3548C05}.Release|x86.ActiveCfg = Release|Any CPU
		{E1D51BBD-4380-41AC-BB72-D004D3548C05}.Release|x86.Build.0 = Release|Any CPU
		{E1D51BBD-4380-41AC-BB72-D004D3548C05}.Release|x86.Deploy.0 = Release|Any CPU
		{C2597C79-CB51-4770-AB0B-2A044A129B60}.Ad-Hoc|Any CPU.ActiveCfg = Ad-Hoc|iPhone
		{C2597C79-CB51-4770-AB0B-2A044A129B60}.Ad-Hoc|ARM.ActiveCfg = Ad-Hoc|iPhone
		{C2597C79-CB51-4770-AB0B-2A044A129B60}.Ad-Hoc|iPhone.ActiveCfg = Ad-Hoc|iPhone
		{C2597C79-CB51-4770-AB0B-2A044A129B60}.Ad-Hoc|iPhone.Build.0 = Ad-Hoc|iPhone
		{C2597C79-CB51-4770-AB0B-2A044A129B60}.Ad-Hoc|iPhoneSimulator.ActiveCfg = Ad-Hoc|iPhoneSimulator
		{C2597C79-CB51-4770-AB0B-2A044A129B60}.Ad-Hoc|iPhoneSimulator.Build.0 = Ad-Hoc|iPhoneSimulator
		{C2597C79-CB51-4770-AB0B-2A044A129B60}.Ad-Hoc|x64.ActiveCfg = Ad-Hoc|iPhone
		{C2597C79-CB51-4770-AB0B-2A044A129B60}.Ad-Hoc|x86.ActiveCfg = Ad-Hoc|iPhone
		{C2597C79-CB51-4770-AB0B-2A044A129B60}.AppStore|Any CPU.ActiveCfg = AppStore|iPhone
		{C2597C79-CB51-4770-AB0B-2A044A129B60}.AppStore|ARM.ActiveCfg = AppStore|iPhone
		{C2597C79-CB51-4770-AB0B-2A044A129B60}.AppStore|iPhone.ActiveCfg = AppStore|iPhone
		{C2597C79-CB51-4770-AB0B-2A044A129B60}.AppStore|iPhone.Build.0 = AppStore|iPhone
		{C2597C79-CB51-4770-AB0B-2A044A129B60}.AppStore|iPhoneSimulator.ActiveCfg = AppStore|iPhoneSimulator
		{C2597C79-CB51-4770-AB0B-2A044A129B60}.AppStore|iPhoneSimulator.Build.0 = AppStore|iPhoneSimulator
		{C2597C79-CB51-4770-AB0B-2A044A129B60}.AppStore|x64.ActiveCfg = AppStore|iPhone
		{C2597C79-CB51-4770-AB0B-2A044A129B60}.AppStore|x86.ActiveCfg = AppStore|iPhone
		{C2597C79-CB51-4770-AB0B-2A044A129B60}.Debug|Any CPU.ActiveCfg = Debug|iPhone
		{C2597C79-CB51-4770-AB0B-2A044A129B60}.Debug|ARM.ActiveCfg = Debug|iPhone
		{C2597C79-CB51-4770-AB0B-2A044A129B60}.Debug|iPhone.ActiveCfg = Debug|iPhone
		{C2597C79-CB51-4770-AB0B-2A044A129B60}.Debug|iPhone.Build.0 = Debug|iPhone
		{C2597C79-CB51-4770-AB0B-2A044A129B60}.Debug|iPhoneSimulator.ActiveCfg = Debug|iPhoneSimulator
		{C2597C79-CB51-4770-AB0B-2A044A129B60}.Debug|iPhoneSimulator.Build.0 = Debug|iPhoneSimulator
		{C2597C79-CB51-4770-AB0B-2A044A129B60}.Debug|x64.ActiveCfg = Debug|iPhone
		{C2597C79-CB51-4770-AB0B-2A044A129B60}.Debug|x86.ActiveCfg = Debug|iPhone
		{C2597C79-CB51-4770-AB0B-2A044A129B60}.Release|Any CPU.ActiveCfg = Release|iPhone
		{C2597C79-CB51-4770-AB0B-2A044A129B60}.Release|ARM.ActiveCfg = Release|iPhone
		{C2597C79-CB51-4770-AB0B-2A044A129B60}.Release|iPhone.ActiveCfg = Release|iPhone
		{C2597C79-CB51-4770-AB0B-2A044A129B60}.Release|iPhone.Build.0 = Release|iPhone
		{C2597C79-CB51-4770-AB0B-2A044A129B60}.Release|iPhoneSimulator.ActiveCfg = Release|iPhoneSimulator
		{C2597C79-CB51-4770-AB0B-2A044A129B60}.Release|iPhoneSimulator.Build.0 = Release|iPhoneSimulator
		{C2597C79-CB51-4770-AB0B-2A044A129B60}.Release|x64.ActiveCfg = Release|iPhone
		{C2597C79-CB51-4770-AB0B-2A044A129B60}.Release|x86.ActiveCfg = Release|iPhone
		{C11A343B-2550-4488-AFC0-0A5A4E0A73C8}.Ad-Hoc|Any CPU.ActiveCfg = Release|x86
		{C11A343B-2550-4488-AFC0-0A5A4E0A73C8}.Ad-Hoc|Any CPU.Build.0 = Release|x86
		{C11A343B-2550-4488-AFC0-0A5A4E0A73C8}.Ad-Hoc|Any CPU.Deploy.0 = Release|x86
		{C11A343B-2550-4488-AFC0-0A5A4E0A73C8}.Ad-Hoc|ARM.ActiveCfg = Release|ARM
		{C11A343B-2550-4488-AFC0-0A5A4E0A73C8}.Ad-Hoc|ARM.Build.0 = Release|ARM
		{C11A343B-2550-4488-AFC0-0A5A4E0A73C8}.Ad-Hoc|ARM.Deploy.0 = Release|ARM
		{C11A343B-2550-4488-AFC0-0A5A4E0A73C8}.Ad-Hoc|iPhone.ActiveCfg = Release|x86
		{C11A343B-2550-4488-AFC0-0A5A4E0A73C8}.Ad-Hoc|iPhone.Build.0 = Release|x86
		{C11A343B-2550-4488-AFC0-0A5A4E0A73C8}.Ad-Hoc|iPhone.Deploy.0 = Release|x86
		{C11A343B-2550-4488-AFC0-0A5A4E0A73C8}.Ad-Hoc|iPhoneSimulator.ActiveCfg = Release|x86
		{C11A343B-2550-4488-AFC0-0A5A4E0A73C8}.Ad-Hoc|iPhoneSimulator.Build.0 = Release|x86
		{C11A343B-2550-4488-AFC0-0A5A4E0A73C8}.Ad-Hoc|iPhoneSimulator.Deploy.0 = Release|x86
		{C11A343B-2550-4488-AFC0-0A5A4E0A73C8}.Ad-Hoc|x64.ActiveCfg = Release|x64
		{C11A343B-2550-4488-AFC0-0A5A4E0A73C8}.Ad-Hoc|x64.Build.0 = Release|x64
		{C11A343B-2550-4488-AFC0-0A5A4E0A73C8}.Ad-Hoc|x64.Deploy.0 = Release|x64
		{C11A343B-2550-4488-AFC0-0A5A4E0A73C8}.Ad-Hoc|x86.ActiveCfg = Release|x86
		{C11A343B-2550-4488-AFC0-0A5A4E0A73C8}.Ad-Hoc|x86.Build.0 = Release|x86
		{C11A343B-2550-4488-AFC0-0A5A4E0A73C8}.Ad-Hoc|x86.Deploy.0 = Release|x86
		{C11A343B-2550-4488-AFC0-0A5A4E0A73C8}.AppStore|Any CPU.ActiveCfg = Release|x86
		{C11A343B-2550-4488-AFC0-0A5A4E0A73C8}.AppStore|Any CPU.Build.0 = Release|x86
		{C11A343B-2550-4488-AFC0-0A5A4E0A73C8}.AppStore|Any CPU.Deploy.0 = Release|x86
		{C11A343B-2550-4488-AFC0-0A5A4E0A73C8}.AppStore|ARM.ActiveCfg = Release|ARM
		{C11A343B-2550-4488-AFC0-0A5A4E0A73C8}.AppStore|ARM.Build.0 = Release|ARM
		{C11A343B-2550-4488-AFC0-0A5A4E0A73C8}.AppStore|ARM.Deploy.0 = Release|ARM
		{C11A343B-2550-4488-AFC0-0A5A4E0A73C8}.AppStore|iPhone.ActiveCfg = Release|x86
		{C11A343B-2550-4488-AFC0-0A5A4E0A73C8}.AppStore|iPhone.Build.0 = Release|x86
		{C11A343B-2550-4488-AFC0-0A5A4E0A73C8}.AppStore|iPhone.Deploy.0 = Release|x86
		{C11A343B-2550-4488-AFC0-0A5A4E0A73C8}.AppStore|iPhoneSimulator.ActiveCfg = Release|x86
		{C11A343B-2550-4488-AFC0-0A5A4E0A73C8}.AppStore|iPhoneSimulator.Build.0 = Release|x86
		{C11A343B-2550-4488-AFC0-0A5A4E0A73C8}.AppStore|iPhoneSimulator.Deploy.0 = Release|x86
		{C11A343B-2550-4488-AFC0-0A5A4E0A73C8}.AppStore|x64.ActiveCfg = Release|x64
		{C11A343B-2550-4488-AFC0-0A5A4E0A73C8}.AppStore|x64.Build.0 = Release|x64
		{C11A343B-2550-4488-AFC0-0A5A4E0A73C8}.AppStore|x64.Deploy.0 = Release|x64
		{C11A343B-2550-4488-AFC0-0A5A4E0A73C8}.AppStore|x86.ActiveCfg = Release|x86
		{C11A343B-2550-4488-AFC0-0A5A4E0A73C8}.AppStore|x86.Build.0 = Release|x86
		{C11A343B-2550-4488-AFC0-0A5A4E0A73C8}.AppStore|x86.Deploy.0 = Release|x86
		{C11A343B-2550-4488-AFC0-0A5A4E0A73C8}.Debug|Any CPU.ActiveCfg = Debug|x86
		{C11A343B-2550-4488-AFC0-0A5A4E0A73C8}.Debug|ARM.ActiveCfg = Debug|ARM
		{C11A343B-2550-4488-AFC0-0A5A4E0A73C8}.Debug|ARM.Build.0 = Debug|ARM
		{C11A343B-2550-4488-AFC0-0A5A4E0A73C8}.Debug|ARM.Deploy.0 = Debug|ARM
		{C11A343B-2550-4488-AFC0-0A5A4E0A73C8}.Debug|iPhone.ActiveCfg = Debug|x86
		{C11A343B-2550-4488-AFC0-0A5A4E0A73C8}.Debug|iPhoneSimulator.ActiveCfg = Debug|x86
		{C11A343B-2550-4488-AFC0-0A5A4E0A73C8}.Debug|x64.ActiveCfg = Debug|x64
		{C11A343B-2550-4488-AFC0-0A5A4E0A73C8}.Debug|x64.Build.0 = Debug|x64
		{C11A343B-2550-4488-AFC0-0A5A4E0A73C8}.Debug|x64.Deploy.0 = Debug|x64
		{C11A343B-2550-4488-AFC0-0A5A4E0A73C8}.Debug|x86.ActiveCfg = Debug|x86
		{C11A343B-2550-4488-AFC0-0A5A4E0A73C8}.Debug|x86.Build.0 = Debug|x86
		{C11A343B-2550-4488-AFC0-0A5A4E0A73C8}.Debug|x86.Deploy.0 = Debug|x86
		{C11A343B-2550-4488-AFC0-0A5A4E0A73C8}.Release|Any CPU.ActiveCfg = Release|x86
		{C11A343B-2550-4488-AFC0-0A5A4E0A73C8}.Release|ARM.ActiveCfg = Release|ARM
		{C11A343B-2550-4488-AFC0-0A5A4E0A73C8}.Release|ARM.Build.0 = Release|ARM
		{C11A343B-2550-4488-AFC0-0A5A4E0A73C8}.Release|ARM.Deploy.0 = Release|ARM
		{C11A343B-2550-4488-AFC0-0A5A4E0A73C8}.Release|iPhone.ActiveCfg = Release|x86
		{C11A343B-2550-4488-AFC0-0A5A4E0A73C8}.Release|iPhoneSimulator.ActiveCfg = Release|x86
		{C11A343B-2550-4488-AFC0-0A5A4E0A73C8}.Release|x64.ActiveCfg = Release|x64
		{C11A343B-2550-4488-AFC0-0A5A4E0A73C8}.Release|x64.Build.0 = Release|x64
		{C11A343B-2550-4488-AFC0-0A5A4E0A73C8}.Release|x64.Deploy.0 = Release|x64
		{C11A343B-2550-4488-AFC0-0A5A4E0A73C8}.Release|x86.ActiveCfg = Release|x86
		{C11A343B-2550-4488-AFC0-0A5A4E0A73C8}.Release|x86.Build.0 = Release|x86
		{C11A343B-2550-4488-AFC0-0A5A4E0A73C8}.Release|x86.Deploy.0 = Release|x86
		{F38B5CC6-AEC9-44DD-8325-A16742391CF1}.Ad-Hoc|Any CPU.ActiveCfg = Debug|Any CPU
		{F38B5CC6-AEC9-44DD-8325-A16742391CF1}.Ad-Hoc|Any CPU.Build.0 = Debug|Any CPU
		{F38B5CC6-AEC9-44DD-8325-A16742391CF1}.Ad-Hoc|ARM.ActiveCfg = Debug|Any CPU
		{F38B5CC6-AEC9-44DD-8325-A16742391CF1}.Ad-Hoc|ARM.Build.0 = Debug|Any CPU
		{F38B5CC6-AEC9-44DD-8325-A16742391CF1}.Ad-Hoc|iPhone.ActiveCfg = Debug|Any CPU
		{F38B5CC6-AEC9-44DD-8325-A16742391CF1}.Ad-Hoc|iPhone.Build.0 = Debug|Any CPU
		{F38B5CC6-AEC9-44DD-8325-A16742391CF1}.Ad-Hoc|iPhoneSimulator.ActiveCfg = Debug|Any CPU
		{F38B5CC6-AEC9-44DD-8325-A16742391CF1}.Ad-Hoc|iPhoneSimulator.Build.0 = Debug|Any CPU
		{F38B5CC6-AEC9-44DD-8325-A16742391CF1}.Ad-Hoc|x64.ActiveCfg = Debug|Any CPU
		{F38B5CC6-AEC9-44DD-8325-A16742391CF1}.Ad-Hoc|x64.Build.0 = Debug|Any CPU
		{F38B5CC6-AEC9-44DD-8325-A16742391CF1}.Ad-Hoc|x86.ActiveCfg = Debug|Any CPU
		{F38B5CC6-AEC9-44DD-8325-A16742391CF1}.Ad-Hoc|x86.Build.0 = Debug|Any CPU
		{F38B5CC6-AEC9-44DD-8325-A16742391CF1}.AppStore|Any CPU.ActiveCfg = Debug|Any CPU
		{F38B5CC6-AEC9-44DD-8325-A16742391CF1}.AppStore|Any CPU.Build.0 = Debug|Any CPU
		{F38B5CC6-AEC9-44DD-8325-A16742391CF1}.AppStore|ARM.ActiveCfg = Debug|Any CPU
		{F38B5CC6-AEC9-44DD-8325-A16742391CF1}.AppStore|ARM.Build.0 = Debug|Any CPU
		{F38B5CC6-AEC9-44DD-8325-A16742391CF1}.AppStore|iPhone.ActiveCfg = Debug|Any CPU
		{F38B5CC6-AEC9-44DD-8325-A16742391CF1}.AppStore|iPhone.Build.0 = Debug|Any CPU
		{F38B5CC6-AEC9-44DD-8325-A16742391CF1}.AppStore|iPhoneSimulator.ActiveCfg = Debug|Any CPU
		{F38B5CC6-AEC9-44DD-8325-A16742391CF1}.AppStore|iPhoneSimulator.Build.0 = Debug|Any CPU
		{F38B5CC6-AEC9-44DD-8325-A16742391CF1}.AppStore|x64.ActiveCfg = Debug|Any CPU
		{F38B5CC6-AEC9-44DD-8325-A16742391CF1}.AppStore|x64.Build.0 = Debug|Any CPU
		{F38B5CC6-AEC9-44DD-8325-A16742391CF1}.AppStore|x86.ActiveCfg = Debug|Any CPU
		{F38B5CC6-AEC9-44DD-8325-A16742391CF1}.AppStore|x86.Build.0 = Debug|Any CPU
		{F38B5CC6-AEC9-44DD-8325-A16742391CF1}.Debug|Any CPU.ActiveCfg = Debug|Any CPU
		{F38B5CC6-AEC9-44DD-8325-A16742391CF1}.Debug|Any CPU.Build.0 = Debug|Any CPU
		{F38B5CC6-AEC9-44DD-8325-A16742391CF1}.Debug|ARM.ActiveCfg = Debug|Any CPU
		{F38B5CC6-AEC9-44DD-8325-A16742391CF1}.Debug|ARM.Build.0 = Debug|Any CPU
		{F38B5CC6-AEC9-44DD-8325-A16742391CF1}.Debug|iPhone.ActiveCfg = Debug|Any CPU
		{F38B5CC6-AEC9-44DD-8325-A16742391CF1}.Debug|iPhone.Build.0 = Debug|Any CPU
		{F38B5CC6-AEC9-44DD-8325-A16742391CF1}.Debug|iPhoneSimulator.ActiveCfg = Debug|Any CPU
		{F38B5CC6-AEC9-44DD-8325-A16742391CF1}.Debug|iPhoneSimulator.Build.0 = Debug|Any CPU
		{F38B5CC6-AEC9-44DD-8325-A16742391CF1}.Debug|x64.ActiveCfg = Debug|Any CPU
		{F38B5CC6-AEC9-44DD-8325-A16742391CF1}.Debug|x64.Build.0 = Debug|Any CPU
		{F38B5CC6-AEC9-44DD-8325-A16742391CF1}.Debug|x86.ActiveCfg = Debug|Any CPU
		{F38B5CC6-AEC9-44DD-8325-A16742391CF1}.Debug|x86.Build.0 = Debug|Any CPU
		{F38B5CC6-AEC9-44DD-8325-A16742391CF1}.Release|Any CPU.ActiveCfg = Release|Any CPU
		{F38B5CC6-AEC9-44DD-8325-A16742391CF1}.Release|Any CPU.Build.0 = Release|Any CPU
		{F38B5CC6-AEC9-44DD-8325-A16742391CF1}.Release|ARM.ActiveCfg = Release|Any CPU
		{F38B5CC6-AEC9-44DD-8325-A16742391CF1}.Release|ARM.Build.0 = Release|Any CPU
		{F38B5CC6-AEC9-44DD-8325-A16742391CF1}.Release|iPhone.ActiveCfg = Release|Any CPU
		{F38B5CC6-AEC9-44DD-8325-A16742391CF1}.Release|iPhone.Build.0 = Release|Any CPU
		{F38B5CC6-AEC9-44DD-8325-A16742391CF1}.Release|iPhoneSimulator.ActiveCfg = Release|Any CPU
		{F38B5CC6-AEC9-44DD-8325-A16742391CF1}.Release|iPhoneSimulator.Build.0 = Release|Any CPU
		{F38B5CC6-AEC9-44DD-8325-A16742391CF1}.Release|x64.ActiveCfg = Release|Any CPU
		{F38B5CC6-AEC9-44DD-8325-A16742391CF1}.Release|x64.Build.0 = Release|Any CPU
		{F38B5CC6-AEC9-44DD-8325-A16742391CF1}.Release|x86.ActiveCfg = Release|Any CPU
		{F38B5CC6-AEC9-44DD-8325-A16742391CF1}.Release|x86.Build.0 = Release|Any CPU
	EndGlobalSection
	GlobalSection(SolutionProperties) = preSolution
		HideSolutionNode = FALSE
	EndGlobalSection
	GlobalSection(ExtensibilityGlobals) = postSolution
		SolutionGuid = {147CE53A-5AB4-41CB-BC38-C3B33E39E575}
	EndGlobalSection
EndGlobal
